
Microsoft Visual Studio Solution File, Format Version 9.00
# Visual Studio 2005
Project("{8BC9CEB8-8B4A-11D0-8D11-00A0C91BC942}") = "Tsr.UnitTest", "Tsr.UnitTest\Tsr.UnitTest.vcproj", "{5857664B-83FB-423C-B84E-E8B1F2473749}"
EndProject
Project("{8BC9CEB8-8B4A-11D0-8D11-00A0C91BC942}") = "Signal.UnitTest", "Signal.UnitTest\Signal.UnitTest.vcproj", "{80AC01C3-6292-4CF8-9459-72B7486192C3}"
EndProject
Global
	GlobalSection(SolutionConfigurationPlatforms) = preSolution
		Debug|Win32 = Debug|Win32
		Release|Win32 = Release|Win32
	EndGlobalSection
	GlobalSection(ProjectConfigurationPlatforms) = postSolution
		{5857664B-83FB-423C-B84E-E8B1F2473749}.Debug|Win32.ActiveCfg = Debug|Win32
		{5857664B-83FB-423C-B84E-E8B1F2473749}.Debug|Win32.Build.0 = Debug|Win32
		{5857664B-83FB-423C-B84E-E8B1F2473749}.Release|Win32.ActiveCfg = Release|Win32
		{5857664B-83FB-423C-B84E-E8B1F2473749}.Release|Win32.Build.0 = Release|Win32
		{80AC01C3-6292-4CF8-9459-72B7486192C3}.Debug|Win32.ActiveCfg = Debug|Win32
		{80AC01C3-6292-4CF8-9459-72B7486192C3}.Debug|Win32.Build.0 = Debug|Win32
		{80AC01C3-6292-4CF8-9459-72B7486192C3}.Release|Win32.ActiveCfg = Release|Win32
		{80AC01C3-6292-4CF8-9459-72B7486192C3}.Release|Win32.Build.0 = Release|Win32
	EndGlobalSection
	GlobalSection(SolutionProperties) = preSolution
		HideSolutionNode = FALSE
	EndGlobalSection
EndGlobal
