
Microsoft Visual Studio Solution File, Format Version 10.00
# Visual Studio 2008
Project("{8BC9CEB8-8B4A-11D0-8D11-00A0C91BC942}") = "HookSrv", "HookSrv\HookSrv.vcproj", "{8E21FFE3-24D4-489A-92A7-43314976C1E4}"
EndProject
Project("{8BC9CEB8-8B4A-11D0-8D11-00A0C91BC942}") = "HookTool", "HookTool\HookTool.vcproj", "{FFE3523F-77CA-4BAA-9FC2-584782F1CCD4}"
EndProject
Project("{8BC9CEB8-8B4A-11D0-8D11-00A0C91BC942}") = "NTProcDrv", "NTProcDrv\NTProcDrv.vcproj", "{125E335F-0836-458C-B237-2B2C80C34667}"
EndProject
Project("{8BC9CEB8-8B4A-11D0-8D11-00A0C91BC942}") = "TestApp", "TestApp\TestApp.vcproj", "{686C77A2-B5A2-4848-8079-44AD3D5740BA}"
EndProject
Global
	GlobalSection(SubversionScc) = preSolution
		Svn-Managed = True
		Manager = AnkhSVN - Subversion Support for Visual Studio
	EndGlobalSection
	GlobalSection(SolutionConfigurationPlatforms) = preSolution
		Debug|Win32 = Debug|Win32
		Release|Win32 = Release|Win32
	EndGlobalSection
	GlobalSection(ProjectConfigurationPlatforms) = postSolution
		{8E21FFE3-24D4-489A-92A7-43314976C1E4}.Debug|Win32.ActiveCfg = Debug|Win32
		{8E21FFE3-24D4-489A-92A7-43314976C1E4}.Debug|Win32.Build.0 = Debug|Win32
		{8E21FFE3-24D4-489A-92A7-43314976C1E4}.Release|Win32.ActiveCfg = Release|Win32
		{8E21FFE3-24D4-489A-92A7-43314976C1E4}.Release|Win32.Build.0 = Release|Win32
		{FFE3523F-77CA-4BAA-9FC2-584782F1CCD4}.Debug|Win32.ActiveCfg = Debug|Win32
		{FFE3523F-77CA-4BAA-9FC2-584782F1CCD4}.Debug|Win32.Build.0 = Debug|Win32
		{FFE3523F-77CA-4BAA-9FC2-584782F1CCD4}.Release|Win32.ActiveCfg = Release|Win32
		{FFE3523F-77CA-4BAA-9FC2-584782F1CCD4}.Release|Win32.Build.0 = Release|Win32
		{125E335F-0836-458C-B237-2B2C80C34667}.Debug|Win32.ActiveCfg = Debug|Win32
		{125E335F-0836-458C-B237-2B2C80C34667}.Debug|Win32.Build.0 = Debug|Win32
		{125E335F-0836-458C-B237-2B2C80C34667}.Release|Win32.ActiveCfg = Release|Win32
		{125E335F-0836-458C-B237-2B2C80C34667}.Release|Win32.Build.0 = Release|Win32
		{686C77A2-B5A2-4848-8079-44AD3D5740BA}.Debug|Win32.ActiveCfg = Debug|Win32
		{686C77A2-B5A2-4848-8079-44AD3D5740BA}.Debug|Win32.Build.0 = Debug|Win32
		{686C77A2-B5A2-4848-8079-44AD3D5740BA}.Release|Win32.ActiveCfg = Release|Win32
		{686C77A2-B5A2-4848-8079-44AD3D5740BA}.Release|Win32.Build.0 = Release|Win32
	EndGlobalSection
	GlobalSection(SolutionProperties) = preSolution
		HideSolutionNode = FALSE
	EndGlobalSection
EndGlobal
