
Microsoft Visual Studio Solution File, Format Version 10.00
# Visual Studio 2008
Project("{2150E333-8FDC-42A3-9474-1A3956D46DE8}") = "Clients", "Clients", "{20DDAAF8-ED28-4BD5-97C0-5CFAF59C4874}"
EndProject
Project("{2150E333-8FDC-42A3-9474-1A3956D46DE8}") = "Servers", "Servers", "{5C660C55-8B47-444E-89E8-A620C5587AEA}"
EndProject
Project("{2150E333-8FDC-42A3-9474-1A3956D46DE8}") = "Commons", "Commons", "{3AF057F0-84E3-4981-9EE2-99503A5C2C0B}"
EndProject
Project("{2150E333-8FDC-42A3-9474-1A3956D46DE8}") = "Solution Items", "Solution Items", "{4B8C9E54-6D09-46DC-BE7B-204BCD997044}"
	ProjectSection(SolutionItems) = preProject
		localtestrun.testrunconfig = localtestrun.testrunconfig
		ProWrite-Version1-Develop1.vsmdi = ProWrite-Version1-Develop1.vsmdi
		ProWrite-Version1-Develop2.vsmdi = ProWrite-Version1-Develop2.vsmdi
		ProWrite-Version1-Develop3.vsmdi = ProWrite-Version1-Develop3.vsmdi
		ProWrite1.vsmdi = ProWrite1.vsmdi
	EndProjectSection
EndProject
Project("{2150E333-8FDC-42A3-9474-1A3956D46DE8}") = "Libs", "Libs", "{D924A5D1-0758-43A2-8DF2-F329CB463AC6}"
	ProjectSection(SolutionItems) = preProject
		Libs\DevExpress.BonusSkins.v9.1.dll = Libs\DevExpress.BonusSkins.v9.1.dll
		Libs\DevExpress.OfficeSkins.v9.1.dll = Libs\DevExpress.OfficeSkins.v9.1.dll
		Libs\DevExpress.XtraBars.v9.1.dll = Libs\DevExpress.XtraBars.v9.1.dll
		Libs\DevExpress.XtraGrid.v9.1.dll = Libs\DevExpress.XtraGrid.v9.1.dll
		Libs\DevExpress.XtraNavBar.v9.1.dll = Libs\DevExpress.XtraNavBar.v9.1.dll
		Libs\DevExpress.XtraVerticalGrid.v9.1.dll = Libs\DevExpress.XtraVerticalGrid.v9.1.dll
		Libs\DirectEncodeNET.dll = Libs\DirectEncodeNET.dll
		Libs\erdmpg-6.dll = Libs\erdmpg-6.dll
		Libs\log4net.dll = Libs\log4net.dll
		Libs\nunit.uikit.dll = Libs\nunit.uikit.dll
		Libs\nunit.util.dll = Libs\nunit.util.dll
		Libs\Org.Mentalis.SecurityServices.dll = Libs\Org.Mentalis.SecurityServices.dll
		Libs\sharpSshTest.exe = Libs\sharpSshTest.exe
		Libs\SVGLib.chm = Libs\SVGLib.chm
		Libs\System.Threading.dll = Libs\System.Threading.dll
		Libs\WMM2FXA.dll = Libs\WMM2FXA.dll
	EndProjectSection
EndProject
Project("{2150E333-8FDC-42A3-9474-1A3956D46DE8}") = "SerialGen", "SerialGen", "{69AAEB71-F28E-4041-B3FE-56F6614ECF3C}"
EndProject
Project("{2150E333-8FDC-42A3-9474-1A3956D46DE8}") = "Fonts", "Fonts", "{79DD3C5E-4569-4662-A98C-81DE9FD78B82}"
	ProjectSection(SolutionItems) = preProject
		Fonts\PW12BOLD.FON = Fonts\PW12BOLD.FON
		Fonts\PW12HIGH.FON = Fonts\PW12HIGH.FON
		Fonts\PW16BOLD.FON = Fonts\PW16BOLD.FON
		Fonts\PW16HIGH.FON = Fonts\PW16HIGH.FON
		Fonts\PW5HIGH.FON = Fonts\PW5HIGH.FON
		Fonts\PW7BOLD.FON = Fonts\PW7BOLD.FON
		Fonts\PW7ITALI.FON = Fonts\PW7ITALI.FON
		Fonts\PW7SINGL.FON = Fonts\PW7SINGL.FON
	EndProjectSection
EndProject
Project("{2150E333-8FDC-42A3-9474-1A3956D46DE8}") = "Version", "Version", "{B39BB890-67B0-42C6-BB86-B79D5EB0446F}"
	ProjectSection(SolutionItems) = preProject
		Version\AssemblyInfo.cpp = Version\AssemblyInfo.cpp
		Version\AssemblyInfo.cs = Version\AssemblyInfo.cs
		Version\ProWrite.snk = Version\ProWrite.snk
	EndProjectSection
EndProject
Project("{FAE04EC0-301F-11D3-BF4B-00C04F79EFBC}") = "ProWrite.Core", "Commons\ProWrite.Core\ProWrite.Core.csproj", "{FF80525C-029F-4EE1-BCF5-3547AFA06F0B}"
EndProject
Project("{FAE04EC0-301F-11D3-BF4B-00C04F79EFBC}") = "ProWrite.UI.Controls", "Clients\ProWrite.UI.Controls\ProWrite.UI.Controls.csproj", "{A0C45DB5-FA97-481E-A1A6-E07A7F226FCF}"
EndProject
Project("{FAE04EC0-301F-11D3-BF4B-00C04F79EFBC}") = "ProWrite.DataProvider", "Servers\ProWrite.DataProvider\ProWrite.DataProvider.csproj", "{0AE259C0-D7E3-4DE8-8726-C4A333D97E31}"
EndProject
Project("{FAE04EC0-301F-11D3-BF4B-00C04F79EFBC}") = "ProWrite.Resources", "Clients\ProWrite.UI.Resources\ProWrite.Resources.csproj", "{F2473A63-8F0D-48E1-B11F-AEEF54D1F021}"
EndProject
Project("{FAE04EC0-301F-11D3-BF4B-00C04F79EFBC}") = "SerialGen", "SerialGen\SerialGen.csproj", "{0021FAA6-B2CC-4377-B18E-3E0390643B74}"
EndProject
Project("{FAE04EC0-301F-11D3-BF4B-00C04F79EFBC}") = "ProWrite.Entity", "Commons\ProWrite.Entity\ProWrite.Entity.csproj", "{5915A60C-B679-4E48-86AD-C79D9F8C903F}"
EndProject
Project("{FAE04EC0-301F-11D3-BF4B-00C04F79EFBC}") = "ProWrite.UFE", "Commons\ProWrite.UFE\ProWrite.UFE.csproj", "{ACD7DEDB-AA50-4665-BEA0-729E64DDFA2D}"
EndProject
Project("{8BC9CEB8-8B4A-11D0-8D11-00A0C91BC942}") = "ProWrite.UI.Texts", "Clients\ProWrite.UI.Texts\ProWrite.UI.Texts.vcproj", "{B257EC94-F0B3-4DD7-BA27-94CEFFAE3F0B}"
EndProject
Project("{FAE04EC0-301F-11D3-BF4B-00C04F79EFBC}") = "ProWrite.Unsafe", "Commons\ProWrite.Unsafe\ProWrite.Unsafe.csproj", "{D0B26CCB-0D5A-44F3-8FEE-0BAEA39226B1}"
EndProject
Project("{FAE04EC0-301F-11D3-BF4B-00C04F79EFBC}") = "ProWrite.UFE.Entity", "Commons\ProWrite.UFE.Entity\ProWrite.UFE.Entity.csproj", "{5D1E0AF1-E69A-48F2-BE2E-DA9BEFA9AE2A}"
EndProject
Project("{FAE04EC0-301F-11D3-BF4B-00C04F79EFBC}") = "ProWrite.DES", "Commons\ProWrite.DES\ProWrite.DES.csproj", "{9C998B54-46BB-4688-B7C2-2DB0D055C250}"
EndProject
Project("{FAE04EC0-301F-11D3-BF4B-00C04F79EFBC}") = "ProWrite.UFE.Files", "Commons\ProWrite.UFE.Files\ProWrite.UFE.Files.csproj", "{4AD4580A-CF1A-47F5-BD89-7B08B2343A08}"
EndProject
Project("{8BC9CEB8-8B4A-11D0-8D11-00A0C91BC942}") = "ProWrite.SSL", "Commons\ProWrite.SSL\ProWrite.SSL.vcproj", "{2ED2902C-82B4-4433-B057-329547CA0335}"
EndProject
Project("{2150E333-8FDC-42A3-9474-1A3956D46DE8}") = "HelpFile", "HelpFile", "{343072C0-A747-498E-BEDD-180D390C89F3}"
	ProjectSection(SolutionItems) = preProject
		HelpFile\DeveloperGuide.txt = HelpFile\DeveloperGuide.txt
		HelpFile\PWHelp.chm = HelpFile\PWHelp.chm
	EndProjectSection
EndProject
Project("{FAE04EC0-301F-11D3-BF4B-00C04F79EFBC}") = "Mentalis", "Commons\Mentalis\Mentalis.csproj", "{8B0BAABE-3CEB-4CA9-837E-C198B0C0B203}"
EndProject
Project("{FAE04EC0-301F-11D3-BF4B-00C04F79EFBC}") = "Messages", "Commons\Messages\Messages.csproj", "{3596709E-8A87-45AB-BC39-EAAE5DA2A3A7}"
EndProject
Project("{FAE04EC0-301F-11D3-BF4B-00C04F79EFBC}") = "DiffieHellman", "Commons\DiffieHellman\DiffieHellman.csproj", "{B748102F-D07F-4399-9BC9-F6A61B14DC7C}"
EndProject
Project("{FAE04EC0-301F-11D3-BF4B-00C04F79EFBC}") = "SecurityServices", "Commons\SecurityServices\SecurityServices.csproj", "{E1D600DA-4038-4920-B1A5-52623EBD189C}"
EndProject
Project("{FAE04EC0-301F-11D3-BF4B-00C04F79EFBC}") = "SharpSSH", "Commons\SharpSSH\SharpSSH.csproj", "{4E164E38-2E34-46C2-82FE-66FFEA53EA1A}"
EndProject
Project("{2150E333-8FDC-42A3-9474-1A3956D46DE8}") = "PWReport", "PWReport", "{72EFE956-EA8B-43E7-BB00-3529663F142B}"
EndProject
Project("{FAE04EC0-301F-11D3-BF4B-00C04F79EFBC}") = "ProWrite.UI.Core", "Clients\ProWrite.UI.Core\ProWrite.UI.Core.csproj", "{6B3906BD-291E-4474-A924-32A526FE078D}"
EndProject
Project("{FAE04EC0-301F-11D3-BF4B-00C04F79EFBC}") = "ProWrite.App", "Clients\ProWrite.App\ProWrite.App.csproj", "{B2602014-8403-4E36-B043-3FA2E4592C27}"
EndProject
Global
	GlobalSection(TeamFoundationVersionControl) = preSolution
		SccNumberOfProjects = 21
		SccEnterpriseProvider = {4CA58AB2-18FA-4F8D-95D4-32DDF27D184C}
		SccTeamFoundationServer = http://prowrite-iss:8080/
		SccLocalPath0 = .
		SccProjectUniqueName1 = Commons\\ProWrite.Core\\ProWrite.Core.csproj
		SccProjectTopLevelParentUniqueName1 = ProWrite-Version1-Develop.sln
		SccProjectName1 = Commons/ProWrite.Core
		SccLocalPath1 = Commons\\ProWrite.Core
		SccProjectUniqueName2 = Servers\\ProWrite.DataProvider\\ProWrite.DataProvider.csproj
		SccProjectTopLevelParentUniqueName2 = ProWrite-Version1-Develop.sln
		SccProjectName2 = Servers/ProWrite.DataProvider
		SccLocalPath2 = Servers\\ProWrite.DataProvider
		SccProjectUniqueName3 = Clients\\ProWrite.UI.Resources\\ProWrite.Resources.csproj
		SccProjectTopLevelParentUniqueName3 = ProWrite-Version1-Develop.sln
		SccProjectName3 = Clients/ProWrite.UI.Resources
		SccLocalPath3 = Clients\\ProWrite.UI.Resources
		SccProjectUniqueName4 = SerialGen\\SerialGen.csproj
		SccProjectTopLevelParentUniqueName4 = ProWrite-Version1-Develop.sln
		SccProjectName4 = SerialGen
		SccLocalPath4 = SerialGen
		SccProjectUniqueName5 = Commons\\ProWrite.UFE\\ProWrite.UFE.csproj
		SccProjectTopLevelParentUniqueName5 = ProWrite-Version1-Develop.sln
		SccProjectName5 = Commons/ProWrite.UFE
		SccLocalPath5 = Commons\\ProWrite.UFE
		SccProjectUniqueName6 = Clients\\ProWrite.UI.Texts\\ProWrite.UI.Texts.vcproj
		SccProjectTopLevelParentUniqueName6 = ProWrite-Version1-Develop.sln
		SccProjectName6 = Clients/ProWrite.UI.Texts
		SccLocalPath6 = Clients\\ProWrite.UI.Texts
		SccProjectUniqueName7 = Commons\\ProWrite.Unsafe\\ProWrite.Unsafe.csproj
		SccProjectTopLevelParentUniqueName7 = ProWrite-Version1-Develop.sln
		SccProjectName7 = Commons/ProWrite.Unsafe
		SccLocalPath7 = Commons\\ProWrite.Unsafe
		SccProjectUniqueName8 = Commons\\ProWrite.UFE.Entity\\ProWrite.UFE.Entity.csproj
		SccProjectTopLevelParentUniqueName8 = ProWrite-Version1-Develop.sln
		SccProjectName8 = Commons/ProWrite.UFE.Entity
		SccLocalPath8 = Commons\\ProWrite.UFE.Entity
		SccProjectUniqueName9 = Commons\\ProWrite.DES\\ProWrite.DES.csproj
		SccProjectTopLevelParentUniqueName9 = ProWrite-Version1-Develop.sln
		SccProjectName9 = Commons/ProWrite.DES
		SccLocalPath9 = Commons\\ProWrite.DES
		SccProjectUniqueName10 = Commons\\ProWrite.UFE.Files\\ProWrite.UFE.Files.csproj
		SccProjectTopLevelParentUniqueName10 = ProWrite-Version1-Develop.sln
		SccProjectName10 = Commons/ProWrite.UFE.Files
		SccLocalPath10 = Commons\\ProWrite.UFE.Files
		SccProjectUniqueName11 = Commons\\ProWrite.Entity\\ProWrite.Entity.csproj
		SccProjectTopLevelParentUniqueName11 = ProWrite-Version1-Develop.sln
		SccProjectName11 = Commons/ProWrite.Entity
		SccLocalPath11 = Commons\\ProWrite.Entity
		SccProjectUniqueName12 = Commons\\ProWrite.SSL\\ProWrite.SSL.vcproj
		SccProjectTopLevelParentUniqueName12 = ProWrite-Version1-Develop.sln
		SccProjectName12 = Commons/ProWrite.SSL
		SccLocalPath12 = Commons\\ProWrite.SSL
		SccProjectUniqueName13 = Commons\\Mentalis\\Mentalis.csproj
		SccProjectTopLevelParentUniqueName13 = ProWrite-Version1-Develop.sln
		SccProjectName13 = Commons/Mentalis
		SccLocalPath13 = Commons\\Mentalis
		SccProjectUniqueName14 = Commons\\Messages\\Messages.csproj
		SccProjectTopLevelParentUniqueName14 = ProWrite-Version1-Develop.sln
		SccProjectName14 = Commons/Messages
		SccLocalPath14 = Commons\\Messages
		SccProjectUniqueName15 = Clients\\ProWrite.UI.Controls\\ProWrite.UI.Controls.csproj
		SccProjectTopLevelParentUniqueName15 = ProWrite-Version1-Develop.sln
		SccProjectName15 = Clients/ProWrite.UI.Controls
		SccLocalPath15 = Clients\\ProWrite.UI.Controls
		SccProjectUniqueName16 = Commons\\DiffieHellman\\DiffieHellman.csproj
		SccProjectTopLevelParentUniqueName16 = ProWrite-Version1-Develop.sln
		SccProjectName16 = Commons/DiffieHellman
		SccLocalPath16 = Commons\\DiffieHellman
		SccProjectUniqueName17 = Commons\\SecurityServices\\SecurityServices.csproj
		SccProjectTopLevelParentUniqueName17 = ProWrite-Version1-Develop.sln
		SccProjectName17 = Commons/SecurityServices
		SccLocalPath17 = Commons\\SecurityServices
		SccProjectUniqueName18 = Commons\\SharpSSH\\SharpSSH.csproj
		SccProjectTopLevelParentUniqueName18 = ProWrite-Version1-Develop.sln
		SccProjectName18 = Commons/SharpSSH
		SccLocalPath18 = Commons\\SharpSSH
		SccProjectUniqueName19 = Clients\\ProWrite.UI.Core\\ProWrite.UI.Core.csproj
		SccProjectTopLevelParentUniqueName19 = ProWrite-Version1-Develop.sln
		SccProjectName19 = Clients/ProWrite.UI.Core
		SccLocalPath19 = Clients\\ProWrite.UI.Core
		SccProjectUniqueName20 = Clients\\ProWrite.App\\ProWrite.App.csproj
		SccProjectTopLevelParentUniqueName20 = ProWrite-Version1-Develop.sln
		SccProjectName20 = Clients/ProWrite.App
		SccLocalPath20 = Clients\\ProWrite.App
	EndGlobalSection
	GlobalSection(SolutionConfigurationPlatforms) = preSolution
		Debug_X64|Any CPU = Debug_X64|Any CPU
		Debug_X64|Mixed Platforms = Debug_X64|Mixed Platforms
		Debug_X64|Win32 = Debug_X64|Win32
		Debug_X64|x64 = Debug_X64|x64
		Debug_X64|x86 = Debug_X64|x86
		Debug|Any CPU = Debug|Any CPU
		Debug|Mixed Platforms = Debug|Mixed Platforms
		Debug|Win32 = Debug|Win32
		Debug|x64 = Debug|x64
		Debug|x86 = Debug|x86
		Release_X64|Any CPU = Release_X64|Any CPU
		Release_X64|Mixed Platforms = Release_X64|Mixed Platforms
		Release_X64|Win32 = Release_X64|Win32
		Release_X64|x64 = Release_X64|x64
		Release_X64|x86 = Release_X64|x86
		Release|Any CPU = Release|Any CPU
		Release|Mixed Platforms = Release|Mixed Platforms
		Release|Win32 = Release|Win32
		Release|x64 = Release|x64
		Release|x86 = Release|x86
	EndGlobalSection
	GlobalSection(ProjectConfigurationPlatforms) = postSolution
		{FF80525C-029F-4EE1-BCF5-3547AFA06F0B}.Debug_X64|Any CPU.ActiveCfg = Debug_X64|Any CPU
		{FF80525C-029F-4EE1-BCF5-3547AFA06F0B}.Debug_X64|Any CPU.Build.0 = Debug_X64|Any CPU
		{FF80525C-029F-4EE1-BCF5-3547AFA06F0B}.Debug_X64|Mixed Platforms.ActiveCfg = Debug_X64|Any CPU
		{FF80525C-029F-4EE1-BCF5-3547AFA06F0B}.Debug_X64|Mixed Platforms.Build.0 = Debug_X64|Any CPU
		{FF80525C-029F-4EE1-BCF5-3547AFA06F0B}.Debug_X64|Win32.ActiveCfg = Debug_X64|Any CPU
		{FF80525C-029F-4EE1-BCF5-3547AFA06F0B}.Debug_X64|x64.ActiveCfg = Debug_X64|Any CPU
		{FF80525C-029F-4EE1-BCF5-3547AFA06F0B}.Debug_X64|x86.ActiveCfg = Debug_X64|Any CPU
		{FF80525C-029F-4EE1-BCF5-3547AFA06F0B}.Debug|Any CPU.ActiveCfg = Debug|Any CPU
		{FF80525C-029F-4EE1-BCF5-3547AFA06F0B}.Debug|Any CPU.Build.0 = Debug|Any CPU
		{FF80525C-029F-4EE1-BCF5-3547AFA06F0B}.Debug|Mixed Platforms.ActiveCfg = Debug|Any CPU
		{FF80525C-029F-4EE1-BCF5-3547AFA06F0B}.Debug|Mixed Platforms.Build.0 = Debug|Any CPU
		{FF80525C-029F-4EE1-BCF5-3547AFA06F0B}.Debug|Win32.ActiveCfg = Debug|Any CPU
		{FF80525C-029F-4EE1-BCF5-3547AFA06F0B}.Debug|x64.ActiveCfg = Debug|Any CPU
		{FF80525C-029F-4EE1-BCF5-3547AFA06F0B}.Debug|x86.ActiveCfg = Debug|Any CPU
		{FF80525C-029F-4EE1-BCF5-3547AFA06F0B}.Release_X64|Any CPU.ActiveCfg = Release_X64|Any CPU
		{FF80525C-029F-4EE1-BCF5-3547AFA06F0B}.Release_X64|Any CPU.Build.0 = Release_X64|Any CPU
		{FF80525C-029F-4EE1-BCF5-3547AFA06F0B}.Release_X64|Mixed Platforms.ActiveCfg = Release_X64|Any CPU
		{FF80525C-029F-4EE1-BCF5-3547AFA06F0B}.Release_X64|Mixed Platforms.Build.0 = Release_X64|Any CPU
		{FF80525C-029F-4EE1-BCF5-3547AFA06F0B}.Release_X64|Win32.ActiveCfg = Release_X64|Any CPU
		{FF80525C-029F-4EE1-BCF5-3547AFA06F0B}.Release_X64|x64.ActiveCfg = Release_X64|Any CPU
		{FF80525C-029F-4EE1-BCF5-3547AFA06F0B}.Release_X64|x86.ActiveCfg = Release_X64|Any CPU
		{FF80525C-029F-4EE1-BCF5-3547AFA06F0B}.Release|Any CPU.ActiveCfg = Release|Any CPU
		{FF80525C-029F-4EE1-BCF5-3547AFA06F0B}.Release|Any CPU.Build.0 = Release|Any CPU
		{FF80525C-029F-4EE1-BCF5-3547AFA06F0B}.Release|Mixed Platforms.ActiveCfg = Release|Any CPU
		{FF80525C-029F-4EE1-BCF5-3547AFA06F0B}.Release|Mixed Platforms.Build.0 = Release|Any CPU
		{FF80525C-029F-4EE1-BCF5-3547AFA06F0B}.Release|Win32.ActiveCfg = Release|Any CPU
		{FF80525C-029F-4EE1-BCF5-3547AFA06F0B}.Release|x64.ActiveCfg = Release|Any CPU
		{FF80525C-029F-4EE1-BCF5-3547AFA06F0B}.Release|x86.ActiveCfg = Release|Any CPU
		{A0C45DB5-FA97-481E-A1A6-E07A7F226FCF}.Debug_X64|Any CPU.ActiveCfg = Debug_X64|Any CPU
		{A0C45DB5-FA97-481E-A1A6-E07A7F226FCF}.Debug_X64|Any CPU.Build.0 = Debug_X64|Any CPU
		{A0C45DB5-FA97-481E-A1A6-E07A7F226FCF}.Debug_X64|Mixed Platforms.ActiveCfg = Debug_X64|Any CPU
		{A0C45DB5-FA97-481E-A1A6-E07A7F226FCF}.Debug_X64|Mixed Platforms.Build.0 = Debug_X64|Any CPU
		{A0C45DB5-FA97-481E-A1A6-E07A7F226FCF}.Debug_X64|Win32.ActiveCfg = Debug_X64|Any CPU
		{A0C45DB5-FA97-481E-A1A6-E07A7F226FCF}.Debug_X64|x64.ActiveCfg = Debug_X64|Any CPU
		{A0C45DB5-FA97-481E-A1A6-E07A7F226FCF}.Debug_X64|x86.ActiveCfg = Debug_X64|Any CPU
		{A0C45DB5-FA97-481E-A1A6-E07A7F226FCF}.Debug|Any CPU.ActiveCfg = Debug|Any CPU
		{A0C45DB5-FA97-481E-A1A6-E07A7F226FCF}.Debug|Any CPU.Build.0 = Debug|Any CPU
		{A0C45DB5-FA97-481E-A1A6-E07A7F226FCF}.Debug|Mixed Platforms.ActiveCfg = Debug|Any CPU
		{A0C45DB5-FA97-481E-A1A6-E07A7F226FCF}.Debug|Mixed Platforms.Build.0 = Debug|Any CPU
		{A0C45DB5-FA97-481E-A1A6-E07A7F226FCF}.Debug|Win32.ActiveCfg = Debug|Any CPU
		{A0C45DB5-FA97-481E-A1A6-E07A7F226FCF}.Debug|x64.ActiveCfg = Debug|Any CPU
		{A0C45DB5-FA97-481E-A1A6-E07A7F226FCF}.Debug|x86.ActiveCfg = Debug|Any CPU
		{A0C45DB5-FA97-481E-A1A6-E07A7F226FCF}.Release_X64|Any CPU.ActiveCfg = Release_X64|Any CPU
		{A0C45DB5-FA97-481E-A1A6-E07A7F226FCF}.Release_X64|Any CPU.Build.0 = Release_X64|Any CPU
		{A0C45DB5-FA97-481E-A1A6-E07A7F226FCF}.Release_X64|Mixed Platforms.ActiveCfg = Release_X64|Any CPU
		{A0C45DB5-FA97-481E-A1A6-E07A7F226FCF}.Release_X64|Mixed Platforms.Build.0 = Release_X64|Any CPU
		{A0C45DB5-FA97-481E-A1A6-E07A7F226FCF}.Release_X64|Win32.ActiveCfg = Release_X64|Any CPU
		{A0C45DB5-FA97-481E-A1A6-E07A7F226FCF}.Release_X64|x64.ActiveCfg = Release_X64|Any CPU
		{A0C45DB5-FA97-481E-A1A6-E07A7F226FCF}.Release_X64|x86.ActiveCfg = Release_X64|Any CPU
		{A0C45DB5-FA97-481E-A1A6-E07A7F226FCF}.Release|Any CPU.ActiveCfg = Release|Any CPU
		{A0C45DB5-FA97-481E-A1A6-E07A7F226FCF}.Release|Any CPU.Build.0 = Release|Any CPU
		{A0C45DB5-FA97-481E-A1A6-E07A7F226FCF}.Release|Mixed Platforms.ActiveCfg = Release|Any CPU
		{A0C45DB5-FA97-481E-A1A6-E07A7F226FCF}.Release|Mixed Platforms.Build.0 = Release|Any CPU
		{A0C45DB5-FA97-481E-A1A6-E07A7F226FCF}.Release|Win32.ActiveCfg = Release|Any CPU
		{A0C45DB5-FA97-481E-A1A6-E07A7F226FCF}.Release|x64.ActiveCfg = Release|Any CPU
		{A0C45DB5-FA97-481E-A1A6-E07A7F226FCF}.Release|x86.ActiveCfg = Release|Any CPU
		{0AE259C0-D7E3-4DE8-8726-C4A333D97E31}.Debug_X64|Any CPU.ActiveCfg = Debug_X64|Any CPU
		{0AE259C0-D7E3-4DE8-8726-C4A333D97E31}.Debug_X64|Any CPU.Build.0 = Debug_X64|Any CPU
		{0AE259C0-D7E3-4DE8-8726-C4A333D97E31}.Debug_X64|Mixed Platforms.ActiveCfg = Debug_X64|Any CPU
		{0AE259C0-D7E3-4DE8-8726-C4A333D97E31}.Debug_X64|Mixed Platforms.Build.0 = Debug_X64|Any CPU
		{0AE259C0-D7E3-4DE8-8726-C4A333D97E31}.Debug_X64|Win32.ActiveCfg = Debug_X64|Any CPU
		{0AE259C0-D7E3-4DE8-8726-C4A333D97E31}.Debug_X64|x64.ActiveCfg = Debug_X64|Any CPU
		{0AE259C0-D7E3-4DE8-8726-C4A333D97E31}.Debug_X64|x86.ActiveCfg = Debug_X64|Any CPU
		{0AE259C0-D7E3-4DE8-8726-C4A333D97E31}.Debug|Any CPU.ActiveCfg = Debug|Any CPU
		{0AE259C0-D7E3-4DE8-8726-C4A333D97E31}.Debug|Any CPU.Build.0 = Debug|Any CPU
		{0AE259C0-D7E3-4DE8-8726-C4A333D97E31}.Debug|Mixed Platforms.ActiveCfg = Debug|Any CPU
		{0AE259C0-D7E3-4DE8-8726-C4A333D97E31}.Debug|Mixed Platforms.Build.0 = Debug|Any CPU
		{0AE259C0-D7E3-4DE8-8726-C4A333D97E31}.Debug|Win32.ActiveCfg = Debug|Any CPU
		{0AE259C0-D7E3-4DE8-8726-C4A333D97E31}.Debug|x64.ActiveCfg = Debug|Any CPU
		{0AE259C0-D7E3-4DE8-8726-C4A333D97E31}.Debug|x86.ActiveCfg = Debug|Any CPU
		{0AE259C0-D7E3-4DE8-8726-C4A333D97E31}.Release_X64|Any CPU.ActiveCfg = Release_X64|Any CPU
		{0AE259C0-D7E3-4DE8-8726-C4A333D97E31}.Release_X64|Any CPU.Build.0 = Release_X64|Any CPU
		{0AE259C0-D7E3-4DE8-8726-C4A333D97E31}.Release_X64|Mixed Platforms.ActiveCfg = Release_X64|Any CPU
		{0AE259C0-D7E3-4DE8-8726-C4A333D97E31}.Release_X64|Mixed Platforms.Build.0 = Release_X64|Any CPU
		{0AE259C0-D7E3-4DE8-8726-C4A333D97E31}.Release_X64|Win32.ActiveCfg = Release_X64|Any CPU
		{0AE259C0-D7E3-4DE8-8726-C4A333D97E31}.Release_X64|x64.ActiveCfg = Release_X64|Any CPU
		{0AE259C0-D7E3-4DE8-8726-C4A333D97E31}.Release_X64|x86.ActiveCfg = Release_X64|Any CPU
		{0AE259C0-D7E3-4DE8-8726-C4A333D97E31}.Release|Any CPU.ActiveCfg = Release|Any CPU
		{0AE259C0-D7E3-4DE8-8726-C4A333D97E31}.Release|Any CPU.Build.0 = Release|Any CPU
		{0AE259C0-D7E3-4DE8-8726-C4A333D97E31}.Release|Mixed Platforms.ActiveCfg = Release|Any CPU
		{0AE259C0-D7E3-4DE8-8726-C4A333D97E31}.Release|Mixed Platforms.Build.0 = Release|Any CPU
		{0AE259C0-D7E3-4DE8-8726-C4A333D97E31}.Release|Win32.ActiveCfg = Release|Any CPU
		{0AE259C0-D7E3-4DE8-8726-C4A333D97E31}.Release|x64.ActiveCfg = Release|Any CPU
		{0AE259C0-D7E3-4DE8-8726-C4A333D97E31}.Release|x86.ActiveCfg = Release|Any CPU
		{F2473A63-8F0D-48E1-B11F-AEEF54D1F021}.Debug_X64|Any CPU.ActiveCfg = Debug_X64|Any CPU
		{F2473A63-8F0D-48E1-B11F-AEEF54D1F021}.Debug_X64|Any CPU.Build.0 = Debug_X64|Any CPU
		{F2473A63-8F0D-48E1-B11F-AEEF54D1F021}.Debug_X64|Mixed Platforms.ActiveCfg = Debug_X64|Any CPU
		{F2473A63-8F0D-48E1-B11F-AEEF54D1F021}.Debug_X64|Mixed Platforms.Build.0 = Debug_X64|Any CPU
		{F2473A63-8F0D-48E1-B11F-AEEF54D1F021}.Debug_X64|Win32.ActiveCfg = Debug_X64|Any CPU
		{F2473A63-8F0D-48E1-B11F-AEEF54D1F021}.Debug_X64|x64.ActiveCfg = Debug_X64|Any CPU
		{F2473A63-8F0D-48E1-B11F-AEEF54D1F021}.Debug_X64|x86.ActiveCfg = Debug_X64|Any CPU
		{F2473A63-8F0D-48E1-B11F-AEEF54D1F021}.Debug|Any CPU.ActiveCfg = Debug|Any CPU
		{F2473A63-8F0D-48E1-B11F-AEEF54D1F021}.Debug|Any CPU.Build.0 = Debug|Any CPU
		{F2473A63-8F0D-48E1-B11F-AEEF54D1F021}.Debug|Mixed Platforms.ActiveCfg = Debug|Any CPU
		{F2473A63-8F0D-48E1-B11F-AEEF54D1F021}.Debug|Mixed Platforms.Build.0 = Debug|Any CPU
		{F2473A63-8F0D-48E1-B11F-AEEF54D1F021}.Debug|Win32.ActiveCfg = Debug|Any CPU
		{F2473A63-8F0D-48E1-B11F-AEEF54D1F021}.Debug|x64.ActiveCfg = Debug|Any CPU
		{F2473A63-8F0D-48E1-B11F-AEEF54D1F021}.Debug|x86.ActiveCfg = Debug|Any CPU
		{F2473A63-8F0D-48E1-B11F-AEEF54D1F021}.Release_X64|Any CPU.ActiveCfg = Release_X64|Any CPU
		{F2473A63-8F0D-48E1-B11F-AEEF54D1F021}.Release_X64|Any CPU.Build.0 = Release_X64|Any CPU
		{F2473A63-8F0D-48E1-B11F-AEEF54D1F021}.Release_X64|Mixed Platforms.ActiveCfg = Release_X64|Any CPU
		{F2473A63-8F0D-48E1-B11F-AEEF54D1F021}.Release_X64|Mixed Platforms.Build.0 = Release_X64|Any CPU
		{F2473A63-8F0D-48E1-B11F-AEEF54D1F021}.Release_X64|Win32.ActiveCfg = Release_X64|Any CPU
		{F2473A63-8F0D-48E1-B11F-AEEF54D1F021}.Release_X64|x64.ActiveCfg = Release_X64|Any CPU
		{F2473A63-8F0D-48E1-B11F-AEEF54D1F021}.Release_X64|x86.ActiveCfg = Release_X64|Any CPU
		{F2473A63-8F0D-48E1-B11F-AEEF54D1F021}.Release|Any CPU.ActiveCfg = Release|Any CPU
		{F2473A63-8F0D-48E1-B11F-AEEF54D1F021}.Release|Any CPU.Build.0 = Release|Any CPU
		{F2473A63-8F0D-48E1-B11F-AEEF54D1F021}.Release|Mixed Platforms.ActiveCfg = Release|Any CPU
		{F2473A63-8F0D-48E1-B11F-AEEF54D1F021}.Release|Mixed Platforms.Build.0 = Release|Any CPU
		{F2473A63-8F0D-48E1-B11F-AEEF54D1F021}.Release|Win32.ActiveCfg = Release|Any CPU
		{F2473A63-8F0D-48E1-B11F-AEEF54D1F021}.Release|x64.ActiveCfg = Release|Any CPU
		{F2473A63-8F0D-48E1-B11F-AEEF54D1F021}.Release|x86.ActiveCfg = Release|Any CPU
		{0021FAA6-B2CC-4377-B18E-3E0390643B74}.Debug_X64|Any CPU.ActiveCfg = Debug_X64|Any CPU
		{0021FAA6-B2CC-4377-B18E-3E0390643B74}.Debug_X64|Any CPU.Build.0 = Debug_X64|Any CPU
		{0021FAA6-B2CC-4377-B18E-3E0390643B74}.Debug_X64|Mixed Platforms.ActiveCfg = Debug_X64|Any CPU
		{0021FAA6-B2CC-4377-B18E-3E0390643B74}.Debug_X64|Mixed Platforms.Build.0 = Debug_X64|Any CPU
		{0021FAA6-B2CC-4377-B18E-3E0390643B74}.Debug_X64|Win32.ActiveCfg = Debug_X64|Any CPU
		{0021FAA6-B2CC-4377-B18E-3E0390643B74}.Debug_X64|x64.ActiveCfg = Debug_X64|Any CPU
		{0021FAA6-B2CC-4377-B18E-3E0390643B74}.Debug_X64|x86.ActiveCfg = Debug_X64|Any CPU
		{0021FAA6-B2CC-4377-B18E-3E0390643B74}.Debug|Any CPU.ActiveCfg = Debug|Any CPU
		{0021FAA6-B2CC-4377-B18E-3E0390643B74}.Debug|Mixed Platforms.ActiveCfg = Debug|Any CPU
		{0021FAA6-B2CC-4377-B18E-3E0390643B74}.Debug|Win32.ActiveCfg = Debug|Any CPU
		{0021FAA6-B2CC-4377-B18E-3E0390643B74}.Debug|x64.ActiveCfg = Debug|Any CPU
		{0021FAA6-B2CC-4377-B18E-3E0390643B74}.Debug|x86.ActiveCfg = Debug|Any CPU
		{0021FAA6-B2CC-4377-B18E-3E0390643B74}.Release_X64|Any CPU.ActiveCfg = Release_X64|Any CPU
		{0021FAA6-B2CC-4377-B18E-3E0390643B74}.Release_X64|Any CPU.Build.0 = Release_X64|Any CPU
		{0021FAA6-B2CC-4377-B18E-3E0390643B74}.Release_X64|Mixed Platforms.ActiveCfg = Release_X64|Any CPU
		{0021FAA6-B2CC-4377-B18E-3E0390643B74}.Release_X64|Mixed Platforms.Build.0 = Release_X64|Any CPU
		{0021FAA6-B2CC-4377-B18E-3E0390643B74}.Release_X64|Win32.ActiveCfg = Release_X64|Any CPU
		{0021FAA6-B2CC-4377-B18E-3E0390643B74}.Release_X64|x64.ActiveCfg = Release_X64|Any CPU
		{0021FAA6-B2CC-4377-B18E-3E0390643B74}.Release_X64|x86.ActiveCfg = Release_X64|Any CPU
		{0021FAA6-B2CC-4377-B18E-3E0390643B74}.Release|Any CPU.ActiveCfg = Release|Any CPU
		{0021FAA6-B2CC-4377-B18E-3E0390643B74}.Release|Mixed Platforms.ActiveCfg = Release|Any CPU
		{0021FAA6-B2CC-4377-B18E-3E0390643B74}.Release|Win32.ActiveCfg = Release|Any CPU
		{0021FAA6-B2CC-4377-B18E-3E0390643B74}.Release|x64.ActiveCfg = Release|Any CPU
		{0021FAA6-B2CC-4377-B18E-3E0390643B74}.Release|x86.ActiveCfg = Release|Any CPU
		{5915A60C-B679-4E48-86AD-C79D9F8C903F}.Debug_X64|Any CPU.ActiveCfg = Debug_X64|Any CPU
		{5915A60C-B679-4E48-86AD-C79D9F8C903F}.Debug_X64|Any CPU.Build.0 = Debug_X64|Any CPU
		{5915A60C-B679-4E48-86AD-C79D9F8C903F}.Debug_X64|Mixed Platforms.ActiveCfg = Debug_X64|Any CPU
		{5915A60C-B679-4E48-86AD-C79D9F8C903F}.Debug_X64|Mixed Platforms.Build.0 = Debug_X64|Any CPU
		{5915A60C-B679-4E48-86AD-C79D9F8C903F}.Debug_X64|Win32.ActiveCfg = Debug_X64|Any CPU
		{5915A60C-B679-4E48-86AD-C79D9F8C903F}.Debug_X64|x64.ActiveCfg = Debug_X64|Any CPU
		{5915A60C-B679-4E48-86AD-C79D9F8C903F}.Debug_X64|x86.ActiveCfg = Debug_X64|Any CPU
		{5915A60C-B679-4E48-86AD-C79D9F8C903F}.Debug|Any CPU.ActiveCfg = Debug|Any CPU
		{5915A60C-B679-4E48-86AD-C79D9F8C903F}.Debug|Any CPU.Build.0 = Debug|Any CPU
		{5915A60C-B679-4E48-86AD-C79D9F8C903F}.Debug|Mixed Platforms.ActiveCfg = Debug|Any CPU
		{5915A60C-B679-4E48-86AD-C79D9F8C903F}.Debug|Mixed Platforms.Build.0 = Debug|Any CPU
		{5915A60C-B679-4E48-86AD-C79D9F8C903F}.Debug|Win32.ActiveCfg = Debug|Any CPU
		{5915A60C-B679-4E48-86AD-C79D9F8C903F}.Debug|x64.ActiveCfg = Debug|Any CPU
		{5915A60C-B679-4E48-86AD-C79D9F8C903F}.Debug|x86.ActiveCfg = Debug|Any CPU
		{5915A60C-B679-4E48-86AD-C79D9F8C903F}.Release_X64|Any CPU.ActiveCfg = Release_X64|Any CPU
		{5915A60C-B679-4E48-86AD-C79D9F8C903F}.Release_X64|Any CPU.Build.0 = Release_X64|Any CPU
		{5915A60C-B679-4E48-86AD-C79D9F8C903F}.Release_X64|Mixed Platforms.ActiveCfg = Release_X64|Any CPU
		{5915A60C-B679-4E48-86AD-C79D9F8C903F}.Release_X64|Mixed Platforms.Build.0 = Release_X64|Any CPU
		{5915A60C-B679-4E48-86AD-C79D9F8C903F}.Release_X64|Win32.ActiveCfg = Release_X64|Any CPU
		{5915A60C-B679-4E48-86AD-C79D9F8C903F}.Release_X64|x64.ActiveCfg = Release_X64|Any CPU
		{5915A60C-B679-4E48-86AD-C79D9F8C903F}.Release_X64|x86.ActiveCfg = Release_X64|Any CPU
		{5915A60C-B679-4E48-86AD-C79D9F8C903F}.Release|Any CPU.ActiveCfg = Release|Any CPU
		{5915A60C-B679-4E48-86AD-C79D9F8C903F}.Release|Any CPU.Build.0 = Release|Any CPU
		{5915A60C-B679-4E48-86AD-C79D9F8C903F}.Release|Mixed Platforms.ActiveCfg = Release|Any CPU
		{5915A60C-B679-4E48-86AD-C79D9F8C903F}.Release|Mixed Platforms.Build.0 = Release|Any CPU
		{5915A60C-B679-4E48-86AD-C79D9F8C903F}.Release|Win32.ActiveCfg = Release|Any CPU
		{5915A60C-B679-4E48-86AD-C79D9F8C903F}.Release|x64.ActiveCfg = Release|Any CPU
		{5915A60C-B679-4E48-86AD-C79D9F8C903F}.Release|x86.ActiveCfg = Release|Any CPU
		{ACD7DEDB-AA50-4665-BEA0-729E64DDFA2D}.Debug_X64|Any CPU.ActiveCfg = Debug_X64|Any CPU
		{ACD7DEDB-AA50-4665-BEA0-729E64DDFA2D}.Debug_X64|Any CPU.Build.0 = Debug_X64|Any CPU
		{ACD7DEDB-AA50-4665-BEA0-729E64DDFA2D}.Debug_X64|Mixed Platforms.ActiveCfg = Debug_X64|Any CPU
		{ACD7DEDB-AA50-4665-BEA0-729E64DDFA2D}.Debug_X64|Mixed Platforms.Build.0 = Debug_X64|Any CPU
		{ACD7DEDB-AA50-4665-BEA0-729E64DDFA2D}.Debug_X64|Win32.ActiveCfg = Debug_X64|Any CPU
		{ACD7DEDB-AA50-4665-BEA0-729E64DDFA2D}.Debug_X64|x64.ActiveCfg = Debug_X64|Any CPU
		{ACD7DEDB-AA50-4665-BEA0-729E64DDFA2D}.Debug_X64|x86.ActiveCfg = Debug_X64|Any CPU
		{ACD7DEDB-AA50-4665-BEA0-729E64DDFA2D}.Debug|Any CPU.ActiveCfg = Debug|Any CPU
		{ACD7DEDB-AA50-4665-BEA0-729E64DDFA2D}.Debug|Any CPU.Build.0 = Debug|Any CPU
		{ACD7DEDB-AA50-4665-BEA0-729E64DDFA2D}.Debug|Mixed Platforms.ActiveCfg = Debug|Any CPU
		{ACD7DEDB-AA50-4665-BEA0-729E64DDFA2D}.Debug|Mixed Platforms.Build.0 = Debug|Any CPU
		{ACD7DEDB-AA50-4665-BEA0-729E64DDFA2D}.Debug|Win32.ActiveCfg = Debug|Any CPU
		{ACD7DEDB-AA50-4665-BEA0-729E64DDFA2D}.Debug|x64.ActiveCfg = Debug|Any CPU
		{ACD7DEDB-AA50-4665-BEA0-729E64DDFA2D}.Debug|x86.ActiveCfg = Debug|Any CPU
		{ACD7DEDB-AA50-4665-BEA0-729E64DDFA2D}.Release_X64|Any CPU.ActiveCfg = Release_X64|Any CPU
		{ACD7DEDB-AA50-4665-BEA0-729E64DDFA2D}.Release_X64|Any CPU.Build.0 = Release_X64|Any CPU
		{ACD7DEDB-AA50-4665-BEA0-729E64DDFA2D}.Release_X64|Mixed Platforms.ActiveCfg = Release_X64|Any CPU
		{ACD7DEDB-AA50-4665-BEA0-729E64DDFA2D}.Release_X64|Mixed Platforms.Build.0 = Release_X64|Any CPU
		{ACD7DEDB-AA50-4665-BEA0-729E64DDFA2D}.Release_X64|Win32.ActiveCfg = Release_X64|Any CPU
		{ACD7DEDB-AA50-4665-BEA0-729E64DDFA2D}.Release_X64|x64.ActiveCfg = Release_X64|Any CPU
		{ACD7DEDB-AA50-4665-BEA0-729E64DDFA2D}.Release_X64|x86.ActiveCfg = Release_X64|Any CPU
		{ACD7DEDB-AA50-4665-BEA0-729E64DDFA2D}.Release|Any CPU.ActiveCfg = Release|Any CPU
		{ACD7DEDB-AA50-4665-BEA0-729E64DDFA2D}.Release|Any CPU.Build.0 = Release|Any CPU
		{ACD7DEDB-AA50-4665-BEA0-729E64DDFA2D}.Release|Mixed Platforms.ActiveCfg = Release|Any CPU
		{ACD7DEDB-AA50-4665-BEA0-729E64DDFA2D}.Release|Mixed Platforms.Build.0 = Release|Any CPU
		{ACD7DEDB-AA50-4665-BEA0-729E64DDFA2D}.Release|Win32.ActiveCfg = Release|Any CPU
		{ACD7DEDB-AA50-4665-BEA0-729E64DDFA2D}.Release|x64.ActiveCfg = Release|Any CPU
		{ACD7DEDB-AA50-4665-BEA0-729E64DDFA2D}.Release|x86.ActiveCfg = Release|Any CPU
		{B257EC94-F0B3-4DD7-BA27-94CEFFAE3F0B}.Debug_X64|Any CPU.ActiveCfg = Debug_X64|Win32
		{B257EC94-F0B3-4DD7-BA27-94CEFFAE3F0B}.Debug_X64|Mixed Platforms.ActiveCfg = Debug_X64|Win32
		{B257EC94-F0B3-4DD7-BA27-94CEFFAE3F0B}.Debug_X64|Mixed Platforms.Build.0 = Debug_X64|Win32
		{B257EC94-F0B3-4DD7-BA27-94CEFFAE3F0B}.Debug_X64|Win32.ActiveCfg = Debug_X64|Win32
		{B257EC94-F0B3-4DD7-BA27-94CEFFAE3F0B}.Debug_X64|Win32.Build.0 = Debug_X64|Win32
		{B257EC94-F0B3-4DD7-BA27-94CEFFAE3F0B}.Debug_X64|x64.ActiveCfg = Debug_X64|Win32
		{B257EC94-F0B3-4DD7-BA27-94CEFFAE3F0B}.Debug_X64|x86.ActiveCfg = Debug_X64|Win32
		{B257EC94-F0B3-4DD7-BA27-94CEFFAE3F0B}.Debug|Any CPU.ActiveCfg = Debug|Win32
		{B257EC94-F0B3-4DD7-BA27-94CEFFAE3F0B}.Debug|Any CPU.Build.0 = Debug|Win32
		{B257EC94-F0B3-4DD7-BA27-94CEFFAE3F0B}.Debug|Mixed Platforms.ActiveCfg = Debug|Win32
		{B257EC94-F0B3-4DD7-BA27-94CEFFAE3F0B}.Debug|Mixed Platforms.Build.0 = Debug|Win32
		{B257EC94-F0B3-4DD7-BA27-94CEFFAE3F0B}.Debug|Win32.ActiveCfg = Debug|Win32
		{B257EC94-F0B3-4DD7-BA27-94CEFFAE3F0B}.Debug|Win32.Build.0 = Debug|Win32
		{B257EC94-F0B3-4DD7-BA27-94CEFFAE3F0B}.Debug|x64.ActiveCfg = Debug|Win32
		{B257EC94-F0B3-4DD7-BA27-94CEFFAE3F0B}.Debug|x86.ActiveCfg = Debug|Win32
		{B257EC94-F0B3-4DD7-BA27-94CEFFAE3F0B}.Release_X64|Any CPU.ActiveCfg = Release_X64|Win32
		{B257EC94-F0B3-4DD7-BA27-94CEFFAE3F0B}.Release_X64|Mixed Platforms.ActiveCfg = Release_X64|Win32
		{B257EC94-F0B3-4DD7-BA27-94CEFFAE3F0B}.Release_X64|Mixed Platforms.Build.0 = Release_X64|Win32
		{B257EC94-F0B3-4DD7-BA27-94CEFFAE3F0B}.Release_X64|Win32.ActiveCfg = Release_X64|Win32
		{B257EC94-F0B3-4DD7-BA27-94CEFFAE3F0B}.Release_X64|Win32.Build.0 = Release_X64|Win32
		{B257EC94-F0B3-4DD7-BA27-94CEFFAE3F0B}.Release_X64|x64.ActiveCfg = Release_X64|Win32
		{B257EC94-F0B3-4DD7-BA27-94CEFFAE3F0B}.Release_X64|x86.ActiveCfg = Release_X64|Win32
		{B257EC94-F0B3-4DD7-BA27-94CEFFAE3F0B}.Release|Any CPU.ActiveCfg = Release|Win32
		{B257EC94-F0B3-4DD7-BA27-94CEFFAE3F0B}.Release|Any CPU.Build.0 = Release|Win32
		{B257EC94-F0B3-4DD7-BA27-94CEFFAE3F0B}.Release|Mixed Platforms.ActiveCfg = Release|Win32
		{B257EC94-F0B3-4DD7-BA27-94CEFFAE3F0B}.Release|Mixed Platforms.Build.0 = Release|Win32
		{B257EC94-F0B3-4DD7-BA27-94CEFFAE3F0B}.Release|Win32.ActiveCfg = Release|Win32
		{B257EC94-F0B3-4DD7-BA27-94CEFFAE3F0B}.Release|Win32.Build.0 = Release|Win32
		{B257EC94-F0B3-4DD7-BA27-94CEFFAE3F0B}.Release|x64.ActiveCfg = Release|Win32
		{B257EC94-F0B3-4DD7-BA27-94CEFFAE3F0B}.Release|x86.ActiveCfg = Release|Win32
		{D0B26CCB-0D5A-44F3-8FEE-0BAEA39226B1}.Debug_X64|Any CPU.ActiveCfg = Debug_X64|Any CPU
		{D0B26CCB-0D5A-44F3-8FEE-0BAEA39226B1}.Debug_X64|Any CPU.Build.0 = Debug_X64|Any CPU
		{D0B26CCB-0D5A-44F3-8FEE-0BAEA39226B1}.Debug_X64|Mixed Platforms.ActiveCfg = Debug_X64|Any CPU
		{D0B26CCB-0D5A-44F3-8FEE-0BAEA39226B1}.Debug_X64|Mixed Platforms.Build.0 = Debug_X64|Any CPU
		{D0B26CCB-0D5A-44F3-8FEE-0BAEA39226B1}.Debug_X64|Win32.ActiveCfg = Debug_X64|Any CPU
		{D0B26CCB-0D5A-44F3-8FEE-0BAEA39226B1}.Debug_X64|x64.ActiveCfg = Debug_X64|Any CPU
		{D0B26CCB-0D5A-44F3-8FEE-0BAEA39226B1}.Debug_X64|x86.ActiveCfg = Debug_X64|Any CPU
		{D0B26CCB-0D5A-44F3-8FEE-0BAEA39226B1}.Debug|Any CPU.ActiveCfg = Debug|Any CPU
		{D0B26CCB-0D5A-44F3-8FEE-0BAEA39226B1}.Debug|Any CPU.Build.0 = Debug|Any CPU
		{D0B26CCB-0D5A-44F3-8FEE-0BAEA39226B1}.Debug|Mixed Platforms.ActiveCfg = Debug|Any CPU
		{D0B26CCB-0D5A-44F3-8FEE-0BAEA39226B1}.Debug|Mixed Platforms.Build.0 = Debug|Any CPU
		{D0B26CCB-0D5A-44F3-8FEE-0BAEA39226B1}.Debug|Win32.ActiveCfg = Debug|Any CPU
		{D0B26CCB-0D5A-44F3-8FEE-0BAEA39226B1}.Debug|x64.ActiveCfg = Debug|Any CPU
		{D0B26CCB-0D5A-44F3-8FEE-0BAEA39226B1}.Debug|x86.ActiveCfg = Debug|Any CPU
		{D0B26CCB-0D5A-44F3-8FEE-0BAEA39226B1}.Release_X64|Any CPU.ActiveCfg = Release_X64|Any CPU
		{D0B26CCB-0D5A-44F3-8FEE-0BAEA39226B1}.Release_X64|Any CPU.Build.0 = Release_X64|Any CPU
		{D0B26CCB-0D5A-44F3-8FEE-0BAEA39226B1}.Release_X64|Mixed Platforms.ActiveCfg = Release_X64|Any CPU
		{D0B26CCB-0D5A-44F3-8FEE-0BAEA39226B1}.Release_X64|Mixed Platforms.Build.0 = Release_X64|Any CPU
		{D0B26CCB-0D5A-44F3-8FEE-0BAEA39226B1}.Release_X64|Win32.ActiveCfg = Release_X64|Any CPU
		{D0B26CCB-0D5A-44F3-8FEE-0BAEA39226B1}.Release_X64|x64.ActiveCfg = Release_X64|Any CPU
		{D0B26CCB-0D5A-44F3-8FEE-0BAEA39226B1}.Release_X64|x86.ActiveCfg = Release_X64|Any CPU
		{D0B26CCB-0D5A-44F3-8FEE-0BAEA39226B1}.Release|Any CPU.ActiveCfg = Release|Any CPU
		{D0B26CCB-0D5A-44F3-8FEE-0BAEA39226B1}.Release|Any CPU.Build.0 = Release|Any CPU
		{D0B26CCB-0D5A-44F3-8FEE-0BAEA39226B1}.Release|Mixed Platforms.ActiveCfg = Release|Any CPU
		{D0B26CCB-0D5A-44F3-8FEE-0BAEA39226B1}.Release|Mixed Platforms.Build.0 = Release|Any CPU
		{D0B26CCB-0D5A-44F3-8FEE-0BAEA39226B1}.Release|Win32.ActiveCfg = Release|Any CPU
		{D0B26CCB-0D5A-44F3-8FEE-0BAEA39226B1}.Release|x64.ActiveCfg = Release|Any CPU
		{D0B26CCB-0D5A-44F3-8FEE-0BAEA39226B1}.Release|x86.ActiveCfg = Release|Any CPU
		{5D1E0AF1-E69A-48F2-BE2E-DA9BEFA9AE2A}.Debug_X64|Any CPU.ActiveCfg = Debug_X64|Any CPU
		{5D1E0AF1-E69A-48F2-BE2E-DA9BEFA9AE2A}.Debug_X64|Any CPU.Build.0 = Debug_X64|Any CPU
		{5D1E0AF1-E69A-48F2-BE2E-DA9BEFA9AE2A}.Debug_X64|Mixed Platforms.ActiveCfg = Debug_X64|Any CPU
		{5D1E0AF1-E69A-48F2-BE2E-DA9BEFA9AE2A}.Debug_X64|Mixed Platforms.Build.0 = Debug_X64|Any CPU
		{5D1E0AF1-E69A-48F2-BE2E-DA9BEFA9AE2A}.Debug_X64|Win32.ActiveCfg = Debug_X64|Any CPU
		{5D1E0AF1-E69A-48F2-BE2E-DA9BEFA9AE2A}.Debug_X64|x64.ActiveCfg = Debug_X64|Any CPU
		{5D1E0AF1-E69A-48F2-BE2E-DA9BEFA9AE2A}.Debug_X64|x86.ActiveCfg = Debug_X64|Any CPU
		{5D1E0AF1-E69A-48F2-BE2E-DA9BEFA9AE2A}.Debug|Any CPU.ActiveCfg = Debug|Any CPU
		{5D1E0AF1-E69A-48F2-BE2E-DA9BEFA9AE2A}.Debug|Any CPU.Build.0 = Debug|Any CPU
		{5D1E0AF1-E69A-48F2-BE2E-DA9BEFA9AE2A}.Debug|Mixed Platforms.ActiveCfg = Debug|Any CPU
		{5D1E0AF1-E69A-48F2-BE2E-DA9BEFA9AE2A}.Debug|Mixed Platforms.Build.0 = Debug|Any CPU
		{5D1E0AF1-E69A-48F2-BE2E-DA9BEFA9AE2A}.Debug|Win32.ActiveCfg = Debug|Any CPU
		{5D1E0AF1-E69A-48F2-BE2E-DA9BEFA9AE2A}.Debug|x64.ActiveCfg = Debug|Any CPU
		{5D1E0AF1-E69A-48F2-BE2E-DA9BEFA9AE2A}.Debug|x86.ActiveCfg = Debug|Any CPU
		{5D1E0AF1-E69A-48F2-BE2E-DA9BEFA9AE2A}.Release_X64|Any CPU.ActiveCfg = Release_X64|Any CPU
		{5D1E0AF1-E69A-48F2-BE2E-DA9BEFA9AE2A}.Release_X64|Any CPU.Build.0 = Release_X64|Any CPU
		{5D1E0AF1-E69A-48F2-BE2E-DA9BEFA9AE2A}.Release_X64|Mixed Platforms.ActiveCfg = Release_X64|Any CPU
		{5D1E0AF1-E69A-48F2-BE2E-DA9BEFA9AE2A}.Release_X64|Mixed Platforms.Build.0 = Release_X64|Any CPU
		{5D1E0AF1-E69A-48F2-BE2E-DA9BEFA9AE2A}.Release_X64|Win32.ActiveCfg = Release_X64|Any CPU
		{5D1E0AF1-E69A-48F2-BE2E-DA9BEFA9AE2A}.Release_X64|x64.ActiveCfg = Release_X64|Any CPU
		{5D1E0AF1-E69A-48F2-BE2E-DA9BEFA9AE2A}.Release_X64|x86.ActiveCfg = Release_X64|Any CPU
		{5D1E0AF1-E69A-48F2-BE2E-DA9BEFA9AE2A}.Release|Any CPU.ActiveCfg = Release|Any CPU
		{5D1E0AF1-E69A-48F2-BE2E-DA9BEFA9AE2A}.Release|Any CPU.Build.0 = Release|Any CPU
		{5D1E0AF1-E69A-48F2-BE2E-DA9BEFA9AE2A}.Release|Mixed Platforms.ActiveCfg = Release|Any CPU
		{5D1E0AF1-E69A-48F2-BE2E-DA9BEFA9AE2A}.Release|Mixed Platforms.Build.0 = Release|Any CPU
		{5D1E0AF1-E69A-48F2-BE2E-DA9BEFA9AE2A}.Release|Win32.ActiveCfg = Release|Any CPU
		{5D1E0AF1-E69A-48F2-BE2E-DA9BEFA9AE2A}.Release|x64.ActiveCfg = Release|Any CPU
		{5D1E0AF1-E69A-48F2-BE2E-DA9BEFA9AE2A}.Release|x86.ActiveCfg = Release|Any CPU
		{9C998B54-46BB-4688-B7C2-2DB0D055C250}.Debug_X64|Any CPU.ActiveCfg = Debug_X64|Any CPU
		{9C998B54-46BB-4688-B7C2-2DB0D055C250}.Debug_X64|Any CPU.Build.0 = Debug_X64|Any CPU
		{9C998B54-46BB-4688-B7C2-2DB0D055C250}.Debug_X64|Mixed Platforms.ActiveCfg = Debug_X64|Any CPU
		{9C998B54-46BB-4688-B7C2-2DB0D055C250}.Debug_X64|Mixed Platforms.Build.0 = Debug_X64|Any CPU
		{9C998B54-46BB-4688-B7C2-2DB0D055C250}.Debug_X64|Win32.ActiveCfg = Debug_X64|Any CPU
		{9C998B54-46BB-4688-B7C2-2DB0D055C250}.Debug_X64|x64.ActiveCfg = Debug_X64|Any CPU
		{9C998B54-46BB-4688-B7C2-2DB0D055C250}.Debug_X64|x86.ActiveCfg = Debug_X64|Any CPU
		{9C998B54-46BB-4688-B7C2-2DB0D055C250}.Debug|Any CPU.ActiveCfg = Debug|Any CPU
		{9C998B54-46BB-4688-B7C2-2DB0D055C250}.Debug|Any CPU.Build.0 = Debug|Any CPU
		{9C998B54-46BB-4688-B7C2-2DB0D055C250}.Debug|Mixed Platforms.ActiveCfg = Debug|Any CPU
		{9C998B54-46BB-4688-B7C2-2DB0D055C250}.Debug|Mixed Platforms.Build.0 = Debug|Any CPU
		{9C998B54-46BB-4688-B7C2-2DB0D055C250}.Debug|Win32.ActiveCfg = Debug|Any CPU
		{9C998B54-46BB-4688-B7C2-2DB0D055C250}.Debug|x64.ActiveCfg = Debug|Any CPU
		{9C998B54-46BB-4688-B7C2-2DB0D055C250}.Debug|x86.ActiveCfg = Debug|Any CPU
		{9C998B54-46BB-4688-B7C2-2DB0D055C250}.Release_X64|Any CPU.ActiveCfg = Release_X64|Any CPU
		{9C998B54-46BB-4688-B7C2-2DB0D055C250}.Release_X64|Any CPU.Build.0 = Release_X64|Any CPU
		{9C998B54-46BB-4688-B7C2-2DB0D055C250}.Release_X64|Mixed Platforms.ActiveCfg = Release_X64|Any CPU
		{9C998B54-46BB-4688-B7C2-2DB0D055C250}.Release_X64|Mixed Platforms.Build.0 = Release_X64|Any CPU
		{9C998B54-46BB-4688-B7C2-2DB0D055C250}.Release_X64|Win32.ActiveCfg = Release_X64|Any CPU
		{9C998B54-46BB-4688-B7C2-2DB0D055C250}.Release_X64|x64.ActiveCfg = Release_X64|Any CPU
		{9C998B54-46BB-4688-B7C2-2DB0D055C250}.Release_X64|x86.ActiveCfg = Release_X64|Any CPU
		{9C998B54-46BB-4688-B7C2-2DB0D055C250}.Release|Any CPU.ActiveCfg = Release|Any CPU
		{9C998B54-46BB-4688-B7C2-2DB0D055C250}.Release|Any CPU.Build.0 = Release|Any CPU
		{9C998B54-46BB-4688-B7C2-2DB0D055C250}.Release|Mixed Platforms.ActiveCfg = Release|Any CPU
		{9C998B54-46BB-4688-B7C2-2DB0D055C250}.Release|Mixed Platforms.Build.0 = Release|Any CPU
		{9C998B54-46BB-4688-B7C2-2DB0D055C250}.Release|Win32.ActiveCfg = Release|Any CPU
		{9C998B54-46BB-4688-B7C2-2DB0D055C250}.Release|x64.ActiveCfg = Release|Any CPU
		{9C998B54-46BB-4688-B7C2-2DB0D055C250}.Release|x86.ActiveCfg = Release|Any CPU
		{4AD4580A-CF1A-47F5-BD89-7B08B2343A08}.Debug_X64|Any CPU.ActiveCfg = Debug_X64|Any CPU
		{4AD4580A-CF1A-47F5-BD89-7B08B2343A08}.Debug_X64|Any CPU.Build.0 = Debug_X64|Any CPU
		{4AD4580A-CF1A-47F5-BD89-7B08B2343A08}.Debug_X64|Mixed Platforms.ActiveCfg = Debug_X64|Any CPU
		{4AD4580A-CF1A-47F5-BD89-7B08B2343A08}.Debug_X64|Mixed Platforms.Build.0 = Debug_X64|Any CPU
		{4AD4580A-CF1A-47F5-BD89-7B08B2343A08}.Debug_X64|Win32.ActiveCfg = Debug_X64|Any CPU
		{4AD4580A-CF1A-47F5-BD89-7B08B2343A08}.Debug_X64|x64.ActiveCfg = Debug_X64|Any CPU
		{4AD4580A-CF1A-47F5-BD89-7B08B2343A08}.Debug_X64|x86.ActiveCfg = Debug_X64|Any CPU
		{4AD4580A-CF1A-47F5-BD89-7B08B2343A08}.Debug|Any CPU.ActiveCfg = Debug|Any CPU
		{4AD4580A-CF1A-47F5-BD89-7B08B2343A08}.Debug|Any CPU.Build.0 = Debug|Any CPU
		{4AD4580A-CF1A-47F5-BD89-7B08B2343A08}.Debug|Mixed Platforms.ActiveCfg = Debug|Any CPU
		{4AD4580A-CF1A-47F5-BD89-7B08B2343A08}.Debug|Mixed Platforms.Build.0 = Debug|Any CPU
		{4AD4580A-CF1A-47F5-BD89-7B08B2343A08}.Debug|Win32.ActiveCfg = Debug|Any CPU
		{4AD4580A-CF1A-47F5-BD89-7B08B2343A08}.Debug|x64.ActiveCfg = Debug|Any CPU
		{4AD4580A-CF1A-47F5-BD89-7B08B2343A08}.Debug|x86.ActiveCfg = Debug|Any CPU
		{4AD4580A-CF1A-47F5-BD89-7B08B2343A08}.Release_X64|Any CPU.ActiveCfg = Release_X64|Any CPU
		{4AD4580A-CF1A-47F5-BD89-7B08B2343A08}.Release_X64|Any CPU.Build.0 = Release_X64|Any CPU
		{4AD4580A-CF1A-47F5-BD89-7B08B2343A08}.Release_X64|Mixed Platforms.ActiveCfg = Release_X64|Any CPU
		{4AD4580A-CF1A-47F5-BD89-7B08B2343A08}.Release_X64|Mixed Platforms.Build.0 = Release_X64|Any CPU
		{4AD4580A-CF1A-47F5-BD89-7B08B2343A08}.Release_X64|Win32.ActiveCfg = Release_X64|Any CPU
		{4AD4580A-CF1A-47F5-BD89-7B08B2343A08}.Release_X64|x64.ActiveCfg = Release_X64|Any CPU
		{4AD4580A-CF1A-47F5-BD89-7B08B2343A08}.Release_X64|x86.ActiveCfg = Release_X64|Any CPU
		{4AD4580A-CF1A-47F5-BD89-7B08B2343A08}.Release|Any CPU.ActiveCfg = Release|Any CPU
		{4AD4580A-CF1A-47F5-BD89-7B08B2343A08}.Release|Any CPU.Build.0 = Release|Any CPU
		{4AD4580A-CF1A-47F5-BD89-7B08B2343A08}.Release|Mixed Platforms.ActiveCfg = Release|Any CPU
		{4AD4580A-CF1A-47F5-BD89-7B08B2343A08}.Release|Mixed Platforms.Build.0 = Release|Any CPU
		{4AD4580A-CF1A-47F5-BD89-7B08B2343A08}.Release|Win32.ActiveCfg = Release|Any CPU
		{4AD4580A-CF1A-47F5-BD89-7B08B2343A08}.Release|x64.ActiveCfg = Release|Any CPU
		{4AD4580A-CF1A-47F5-BD89-7B08B2343A08}.Release|x86.ActiveCfg = Release|Any CPU
		{2ED2902C-82B4-4433-B057-329547CA0335}.Debug_X64|Any CPU.ActiveCfg = Debug_X64|Win32
		{2ED2902C-82B4-4433-B057-329547CA0335}.Debug_X64|Mixed Platforms.ActiveCfg = Debug_X64|Win32
		{2ED2902C-82B4-4433-B057-329547CA0335}.Debug_X64|Mixed Platforms.Build.0 = Debug_X64|Win32
		{2ED2902C-82B4-4433-B057-329547CA0335}.Debug_X64|Win32.ActiveCfg = Debug_X64|Win32
		{2ED2902C-82B4-4433-B057-329547CA0335}.Debug_X64|Win32.Build.0 = Debug_X64|Win32
		{2ED2902C-82B4-4433-B057-329547CA0335}.Debug_X64|x64.ActiveCfg = Debug_X64|Win32
		{2ED2902C-82B4-4433-B057-329547CA0335}.Debug_X64|x86.ActiveCfg = Debug_X64|Win32
		{2ED2902C-82B4-4433-B057-329547CA0335}.Debug|Any CPU.ActiveCfg = Debug|Win32
		{2ED2902C-82B4-4433-B057-329547CA0335}.Debug|Mixed Platforms.ActiveCfg = Debug|Win32
		{2ED2902C-82B4-4433-B057-329547CA0335}.Debug|Mixed Platforms.Build.0 = Debug|Win32
		{2ED2902C-82B4-4433-B057-329547CA0335}.Debug|Win32.ActiveCfg = Debug|Win32
		{2ED2902C-82B4-4433-B057-329547CA0335}.Debug|Win32.Build.0 = Debug|Win32
		{2ED2902C-82B4-4433-B057-329547CA0335}.Debug|x64.ActiveCfg = Debug|Win32
		{2ED2902C-82B4-4433-B057-329547CA0335}.Debug|x86.ActiveCfg = Debug|Win32
		{2ED2902C-82B4-4433-B057-329547CA0335}.Release_X64|Any CPU.ActiveCfg = Release_X64|Win32
		{2ED2902C-82B4-4433-B057-329547CA0335}.Release_X64|Mixed Platforms.ActiveCfg = Release_X64|Win32
		{2ED2902C-82B4-4433-B057-329547CA0335}.Release_X64|Mixed Platforms.Build.0 = Release_X64|Win32
		{2ED2902C-82B4-4433-B057-329547CA0335}.Release_X64|Win32.ActiveCfg = Release_X64|Win32
		{2ED2902C-82B4-4433-B057-329547CA0335}.Release_X64|Win32.Build.0 = Release_X64|Win32
		{2ED2902C-82B4-4433-B057-329547CA0335}.Release_X64|x64.ActiveCfg = Release_X64|Win32
		{2ED2902C-82B4-4433-B057-329547CA0335}.Release_X64|x86.ActiveCfg = Release_X64|Win32
		{2ED2902C-82B4-4433-B057-329547CA0335}.Release|Any CPU.ActiveCfg = Release|Win32
		{2ED2902C-82B4-4433-B057-329547CA0335}.Release|Mixed Platforms.ActiveCfg = Release|Win32
		{2ED2902C-82B4-4433-B057-329547CA0335}.Release|Mixed Platforms.Build.0 = Release|Win32
		{2ED2902C-82B4-4433-B057-329547CA0335}.Release|Win32.ActiveCfg = Release|Win32
		{2ED2902C-82B4-4433-B057-329547CA0335}.Release|Win32.Build.0 = Release|Win32
		{2ED2902C-82B4-4433-B057-329547CA0335}.Release|x64.ActiveCfg = Release|Win32
		{2ED2902C-82B4-4433-B057-329547CA0335}.Release|x86.ActiveCfg = Release|Win32
		{8B0BAABE-3CEB-4CA9-837E-C198B0C0B203}.Debug_X64|Any CPU.ActiveCfg = Debug_X64|Any CPU
		{8B0BAABE-3CEB-4CA9-837E-C198B0C0B203}.Debug_X64|Any CPU.Build.0 = Debug_X64|Any CPU
		{8B0BAABE-3CEB-4CA9-837E-C198B0C0B203}.Debug_X64|Mixed Platforms.ActiveCfg = Debug_X64|Any CPU
		{8B0BAABE-3CEB-4CA9-837E-C198B0C0B203}.Debug_X64|Mixed Platforms.Build.0 = Debug_X64|Any CPU
		{8B0BAABE-3CEB-4CA9-837E-C198B0C0B203}.Debug_X64|Win32.ActiveCfg = Debug_X64|Any CPU
		{8B0BAABE-3CEB-4CA9-837E-C198B0C0B203}.Debug_X64|x64.ActiveCfg = Debug_X64|Any CPU
		{8B0BAABE-3CEB-4CA9-837E-C198B0C0B203}.Debug_X64|x86.ActiveCfg = Debug_X64|Any CPU
		{8B0BAABE-3CEB-4CA9-837E-C198B0C0B203}.Debug|Any CPU.ActiveCfg = Debug|Any CPU
		{8B0BAABE-3CEB-4CA9-837E-C198B0C0B203}.Debug|Any CPU.Build.0 = Debug|Any CPU
		{8B0BAABE-3CEB-4CA9-837E-C198B0C0B203}.Debug|Mixed Platforms.ActiveCfg = Debug|Any CPU
		{8B0BAABE-3CEB-4CA9-837E-C198B0C0B203}.Debug|Mixed Platforms.Build.0 = Debug|Any CPU
		{8B0BAABE-3CEB-4CA9-837E-C198B0C0B203}.Debug|Win32.ActiveCfg = Debug|Any CPU
		{8B0BAABE-3CEB-4CA9-837E-C198B0C0B203}.Debug|x64.ActiveCfg = Debug|Any CPU
		{8B0BAABE-3CEB-4CA9-837E-C198B0C0B203}.Debug|x86.ActiveCfg = Debug|Any CPU
		{8B0BAABE-3CEB-4CA9-837E-C198B0C0B203}.Release_X64|Any CPU.ActiveCfg = Release_X64|Any CPU
		{8B0BAABE-3CEB-4CA9-837E-C198B0C0B203}.Release_X64|Any CPU.Build.0 = Release_X64|Any CPU
		{8B0BAABE-3CEB-4CA9-837E-C198B0C0B203}.Release_X64|Mixed Platforms.ActiveCfg = Release_X64|Any CPU
		{8B0BAABE-3CEB-4CA9-837E-C198B0C0B203}.Release_X64|Mixed Platforms.Build.0 = Release_X64|Any CPU
		{8B0BAABE-3CEB-4CA9-837E-C198B0C0B203}.Release_X64|Win32.ActiveCfg = Release_X64|Any CPU
		{8B0BAABE-3CEB-4CA9-837E-C198B0C0B203}.Release_X64|x64.ActiveCfg = Release_X64|Any CPU
		{8B0BAABE-3CEB-4CA9-837E-C198B0C0B203}.Release_X64|x86.ActiveCfg = Release_X64|Any CPU
		{8B0BAABE-3CEB-4CA9-837E-C198B0C0B203}.Release|Any CPU.ActiveCfg = Release|Any CPU
		{8B0BAABE-3CEB-4CA9-837E-C198B0C0B203}.Release|Any CPU.Build.0 = Release|Any CPU
		{8B0BAABE-3CEB-4CA9-837E-C198B0C0B203}.Release|Mixed Platforms.ActiveCfg = Release|Any CPU
		{8B0BAABE-3CEB-4CA9-837E-C198B0C0B203}.Release|Mixed Platforms.Build.0 = Release|Any CPU
		{8B0BAABE-3CEB-4CA9-837E-C198B0C0B203}.Release|Win32.ActiveCfg = Release|Any CPU
		{8B0BAABE-3CEB-4CA9-837E-C198B0C0B203}.Release|x64.ActiveCfg = Release|Any CPU
		{8B0BAABE-3CEB-4CA9-837E-C198B0C0B203}.Release|x86.ActiveCfg = Release|Any CPU
		{3596709E-8A87-45AB-BC39-EAAE5DA2A3A7}.Debug_X64|Any CPU.ActiveCfg = Debug_X64|Any CPU
		{3596709E-8A87-45AB-BC39-EAAE5DA2A3A7}.Debug_X64|Any CPU.Build.0 = Debug_X64|Any CPU
		{3596709E-8A87-45AB-BC39-EAAE5DA2A3A7}.Debug_X64|Mixed Platforms.ActiveCfg = Debug_X64|Any CPU
		{3596709E-8A87-45AB-BC39-EAAE5DA2A3A7}.Debug_X64|Mixed Platforms.Build.0 = Debug_X64|Any CPU
		{3596709E-8A87-45AB-BC39-EAAE5DA2A3A7}.Debug_X64|Win32.ActiveCfg = Debug_X64|Any CPU
		{3596709E-8A87-45AB-BC39-EAAE5DA2A3A7}.Debug_X64|x64.ActiveCfg = Debug_X64|Any CPU
		{3596709E-8A87-45AB-BC39-EAAE5DA2A3A7}.Debug_X64|x86.ActiveCfg = Debug_X64|Any CPU
		{3596709E-8A87-45AB-BC39-EAAE5DA2A3A7}.Debug|Any CPU.ActiveCfg = Debug|Any CPU
		{3596709E-8A87-45AB-BC39-EAAE5DA2A3A7}.Debug|Any CPU.Build.0 = Debug|Any CPU
		{3596709E-8A87-45AB-BC39-EAAE5DA2A3A7}.Debug|Mixed Platforms.ActiveCfg = Debug|Any CPU
		{3596709E-8A87-45AB-BC39-EAAE5DA2A3A7}.Debug|Mixed Platforms.Build.0 = Debug|Any CPU
		{3596709E-8A87-45AB-BC39-EAAE5DA2A3A7}.Debug|Win32.ActiveCfg = Debug|Any CPU
		{3596709E-8A87-45AB-BC39-EAAE5DA2A3A7}.Debug|x64.ActiveCfg = Debug|Any CPU
		{3596709E-8A87-45AB-BC39-EAAE5DA2A3A7}.Debug|x86.ActiveCfg = Debug|Any CPU
		{3596709E-8A87-45AB-BC39-EAAE5DA2A3A7}.Release_X64|Any CPU.ActiveCfg = Release_X64|Any CPU
		{3596709E-8A87-45AB-BC39-EAAE5DA2A3A7}.Release_X64|Any CPU.Build.0 = Release_X64|Any CPU
		{3596709E-8A87-45AB-BC39-EAAE5DA2A3A7}.Release_X64|Mixed Platforms.ActiveCfg = Release_X64|Any CPU
		{3596709E-8A87-45AB-BC39-EAAE5DA2A3A7}.Release_X64|Mixed Platforms.Build.0 = Release_X64|Any CPU
		{3596709E-8A87-45AB-BC39-EAAE5DA2A3A7}.Release_X64|Win32.ActiveCfg = Release_X64|Any CPU
		{3596709E-8A87-45AB-BC39-EAAE5DA2A3A7}.Release_X64|x64.ActiveCfg = Release_X64|Any CPU
		{3596709E-8A87-45AB-BC39-EAAE5DA2A3A7}.Release_X64|x86.ActiveCfg = Release_X64|Any CPU
		{3596709E-8A87-45AB-BC39-EAAE5DA2A3A7}.Release|Any CPU.ActiveCfg = Release|Any CPU
		{3596709E-8A87-45AB-BC39-EAAE5DA2A3A7}.Release|Any CPU.Build.0 = Release|Any CPU
		{3596709E-8A87-45AB-BC39-EAAE5DA2A3A7}.Release|Mixed Platforms.ActiveCfg = Release|Any CPU
		{3596709E-8A87-45AB-BC39-EAAE5DA2A3A7}.Release|Mixed Platforms.Build.0 = Release|Any CPU
		{3596709E-8A87-45AB-BC39-EAAE5DA2A3A7}.Release|Win32.ActiveCfg = Release|Any CPU
		{3596709E-8A87-45AB-BC39-EAAE5DA2A3A7}.Release|x64.ActiveCfg = Release|Any CPU
		{3596709E-8A87-45AB-BC39-EAAE5DA2A3A7}.Release|x86.ActiveCfg = Release|Any CPU
		{B748102F-D07F-4399-9BC9-F6A61B14DC7C}.Debug_X64|Any CPU.ActiveCfg = Debug|Any CPU
		{B748102F-D07F-4399-9BC9-F6A61B14DC7C}.Debug_X64|Any CPU.Build.0 = Debug|Any CPU
		{B748102F-D07F-4399-9BC9-F6A61B14DC7C}.Debug_X64|Mixed Platforms.ActiveCfg = Debug|Any CPU
		{B748102F-D07F-4399-9BC9-F6A61B14DC7C}.Debug_X64|Mixed Platforms.Build.0 = Debug|Any CPU
		{B748102F-D07F-4399-9BC9-F6A61B14DC7C}.Debug_X64|Win32.ActiveCfg = Debug|Any CPU
		{B748102F-D07F-4399-9BC9-F6A61B14DC7C}.Debug_X64|x64.ActiveCfg = Debug|Any CPU
		{B748102F-D07F-4399-9BC9-F6A61B14DC7C}.Debug_X64|x86.ActiveCfg = Debug|Any CPU
		{B748102F-D07F-4399-9BC9-F6A61B14DC7C}.Debug|Any CPU.ActiveCfg = Debug|Any CPU
		{B748102F-D07F-4399-9BC9-F6A61B14DC7C}.Debug|Any CPU.Build.0 = Debug|Any CPU
		{B748102F-D07F-4399-9BC9-F6A61B14DC7C}.Debug|Mixed Platforms.ActiveCfg = Debug|Any CPU
		{B748102F-D07F-4399-9BC9-F6A61B14DC7C}.Debug|Mixed Platforms.Build.0 = Debug|Any CPU
		{B748102F-D07F-4399-9BC9-F6A61B14DC7C}.Debug|Win32.ActiveCfg = Debug|Any CPU
		{B748102F-D07F-4399-9BC9-F6A61B14DC7C}.Debug|x64.ActiveCfg = Debug|Any CPU
		{B748102F-D07F-4399-9BC9-F6A61B14DC7C}.Debug|x86.ActiveCfg = Debug|Any CPU
		{B748102F-D07F-4399-9BC9-F6A61B14DC7C}.Release_X64|Any CPU.ActiveCfg = Release|Any CPU
		{B748102F-D07F-4399-9BC9-F6A61B14DC7C}.Release_X64|Any CPU.Build.0 = Release|Any CPU
		{B748102F-D07F-4399-9BC9-F6A61B14DC7C}.Release_X64|Mixed Platforms.ActiveCfg = Release|Any CPU
		{B748102F-D07F-4399-9BC9-F6A61B14DC7C}.Release_X64|Mixed Platforms.Build.0 = Release|Any CPU
		{B748102F-D07F-4399-9BC9-F6A61B14DC7C}.Release_X64|Win32.ActiveCfg = Release|Any CPU
		{B748102F-D07F-4399-9BC9-F6A61B14DC7C}.Release_X64|x64.ActiveCfg = Release|Any CPU
		{B748102F-D07F-4399-9BC9-F6A61B14DC7C}.Release_X64|x86.ActiveCfg = Release|Any CPU
		{B748102F-D07F-4399-9BC9-F6A61B14DC7C}.Release|Any CPU.ActiveCfg = Release|Any CPU
		{B748102F-D07F-4399-9BC9-F6A61B14DC7C}.Release|Any CPU.Build.0 = Release|Any CPU
		{B748102F-D07F-4399-9BC9-F6A61B14DC7C}.Release|Mixed Platforms.ActiveCfg = Release|Any CPU
		{B748102F-D07F-4399-9BC9-F6A61B14DC7C}.Release|Mixed Platforms.Build.0 = Release|Any CPU
		{B748102F-D07F-4399-9BC9-F6A61B14DC7C}.Release|Win32.ActiveCfg = Release|Any CPU
		{B748102F-D07F-4399-9BC9-F6A61B14DC7C}.Release|x64.ActiveCfg = Release|Any CPU
		{B748102F-D07F-4399-9BC9-F6A61B14DC7C}.Release|x86.ActiveCfg = Release|Any CPU
		{E1D600DA-4038-4920-B1A5-52623EBD189C}.Debug_X64|Any CPU.ActiveCfg = Debug|Any CPU
		{E1D600DA-4038-4920-B1A5-52623EBD189C}.Debug_X64|Any CPU.Build.0 = Debug|Any CPU
		{E1D600DA-4038-4920-B1A5-52623EBD189C}.Debug_X64|Mixed Platforms.ActiveCfg = Debug|Any CPU
		{E1D600DA-4038-4920-B1A5-52623EBD189C}.Debug_X64|Mixed Platforms.Build.0 = Debug|Any CPU
		{E1D600DA-4038-4920-B1A5-52623EBD189C}.Debug_X64|Win32.ActiveCfg = Debug|Any CPU
		{E1D600DA-4038-4920-B1A5-52623EBD189C}.Debug_X64|x64.ActiveCfg = Debug|Any CPU
		{E1D600DA-4038-4920-B1A5-52623EBD189C}.Debug_X64|x86.ActiveCfg = Debug|Any CPU
		{E1D600DA-4038-4920-B1A5-52623EBD189C}.Debug|Any CPU.ActiveCfg = Debug|Any CPU
		{E1D600DA-4038-4920-B1A5-52623EBD189C}.Debug|Any CPU.Build.0 = Debug|Any CPU
		{E1D600DA-4038-4920-B1A5-52623EBD189C}.Debug|Mixed Platforms.ActiveCfg = Debug|Any CPU
		{E1D600DA-4038-4920-B1A5-52623EBD189C}.Debug|Mixed Platforms.Build.0 = Debug|Any CPU
		{E1D600DA-4038-4920-B1A5-52623EBD189C}.Debug|Win32.ActiveCfg = Debug|Any CPU
		{E1D600DA-4038-4920-B1A5-52623EBD189C}.Debug|x64.ActiveCfg = Debug|Any CPU
		{E1D600DA-4038-4920-B1A5-52623EBD189C}.Debug|x86.ActiveCfg = Debug|Any CPU
		{E1D600DA-4038-4920-B1A5-52623EBD189C}.Release_X64|Any CPU.ActiveCfg = Release|Any CPU
		{E1D600DA-4038-4920-B1A5-52623EBD189C}.Release_X64|Any CPU.Build.0 = Release|Any CPU
		{E1D600DA-4038-4920-B1A5-52623EBD189C}.Release_X64|Mixed Platforms.ActiveCfg = Release|Any CPU
		{E1D600DA-4038-4920-B1A5-52623EBD189C}.Release_X64|Mixed Platforms.Build.0 = Release|Any CPU
		{E1D600DA-4038-4920-B1A5-52623EBD189C}.Release_X64|Win32.ActiveCfg = Release|Any CPU
		{E1D600DA-4038-4920-B1A5-52623EBD189C}.Release_X64|x64.ActiveCfg = Release|Any CPU
		{E1D600DA-4038-4920-B1A5-52623EBD189C}.Release_X64|x86.ActiveCfg = Release|Any CPU
		{E1D600DA-4038-4920-B1A5-52623EBD189C}.Release|Any CPU.ActiveCfg = Release|Any CPU
		{E1D600DA-4038-4920-B1A5-52623EBD189C}.Release|Any CPU.Build.0 = Release|Any CPU
		{E1D600DA-4038-4920-B1A5-52623EBD189C}.Release|Mixed Platforms.ActiveCfg = Release|Any CPU
		{E1D600DA-4038-4920-B1A5-52623EBD189C}.Release|Mixed Platforms.Build.0 = Release|Any CPU
		{E1D600DA-4038-4920-B1A5-52623EBD189C}.Release|Win32.ActiveCfg = Release|Any CPU
		{E1D600DA-4038-4920-B1A5-52623EBD189C}.Release|x64.ActiveCfg = Release|Any CPU
		{E1D600DA-4038-4920-B1A5-52623EBD189C}.Release|x86.ActiveCfg = Release|Any CPU
		{4E164E38-2E34-46C2-82FE-66FFEA53EA1A}.Debug_X64|Any CPU.ActiveCfg = Debug|Any CPU
		{4E164E38-2E34-46C2-82FE-66FFEA53EA1A}.Debug_X64|Any CPU.Build.0 = Debug|Any CPU
		{4E164E38-2E34-46C2-82FE-66FFEA53EA1A}.Debug_X64|Mixed Platforms.ActiveCfg = Debug|Any CPU
		{4E164E38-2E34-46C2-82FE-66FFEA53EA1A}.Debug_X64|Mixed Platforms.Build.0 = Debug|Any CPU
		{4E164E38-2E34-46C2-82FE-66FFEA53EA1A}.Debug_X64|Win32.ActiveCfg = Debug|Any CPU
		{4E164E38-2E34-46C2-82FE-66FFEA53EA1A}.Debug_X64|x64.ActiveCfg = Debug|Any CPU
		{4E164E38-2E34-46C2-82FE-66FFEA53EA1A}.Debug_X64|x86.ActiveCfg = Debug|Any CPU
		{4E164E38-2E34-46C2-82FE-66FFEA53EA1A}.Debug|Any CPU.ActiveCfg = Debug|Any CPU
		{4E164E38-2E34-46C2-82FE-66FFEA53EA1A}.Debug|Any CPU.Build.0 = Debug|Any CPU
		{4E164E38-2E34-46C2-82FE-66FFEA53EA1A}.Debug|Mixed Platforms.ActiveCfg = Debug|Any CPU
		{4E164E38-2E34-46C2-82FE-66FFEA53EA1A}.Debug|Mixed Platforms.Build.0 = Debug|Any CPU
		{4E164E38-2E34-46C2-82FE-66FFEA53EA1A}.Debug|Win32.ActiveCfg = Debug|Any CPU
		{4E164E38-2E34-46C2-82FE-66FFEA53EA1A}.Debug|x64.ActiveCfg = Debug|Any CPU
		{4E164E38-2E34-46C2-82FE-66FFEA53EA1A}.Debug|x86.ActiveCfg = Debug|Any CPU
		{4E164E38-2E34-46C2-82FE-66FFEA53EA1A}.Release_X64|Any CPU.ActiveCfg = Release|Any CPU
		{4E164E38-2E34-46C2-82FE-66FFEA53EA1A}.Release_X64|Any CPU.Build.0 = Release|Any CPU
		{4E164E38-2E34-46C2-82FE-66FFEA53EA1A}.Release_X64|Mixed Platforms.ActiveCfg = Release|Any CPU
		{4E164E38-2E34-46C2-82FE-66FFEA53EA1A}.Release_X64|Mixed Platforms.Build.0 = Release|Any CPU
		{4E164E38-2E34-46C2-82FE-66FFEA53EA1A}.Release_X64|Win32.ActiveCfg = Release|Any CPU
		{4E164E38-2E34-46C2-82FE-66FFEA53EA1A}.Release_X64|x64.ActiveCfg = Release|Any CPU
		{4E164E38-2E34-46C2-82FE-66FFEA53EA1A}.Release_X64|x86.ActiveCfg = Release|Any CPU
		{4E164E38-2E34-46C2-82FE-66FFEA53EA1A}.Release|Any CPU.ActiveCfg = Release|Any CPU
		{4E164E38-2E34-46C2-82FE-66FFEA53EA1A}.Release|Any CPU.Build.0 = Release|Any CPU
		{4E164E38-2E34-46C2-82FE-66FFEA53EA1A}.Release|Mixed Platforms.ActiveCfg = Release|Any CPU
		{4E164E38-2E34-46C2-82FE-66FFEA53EA1A}.Release|Mixed Platforms.Build.0 = Release|Any CPU
		{4E164E38-2E34-46C2-82FE-66FFEA53EA1A}.Release|Win32.ActiveCfg = Release|Any CPU
		{4E164E38-2E34-46C2-82FE-66FFEA53EA1A}.Release|x64.ActiveCfg = Release|Any CPU
		{4E164E38-2E34-46C2-82FE-66FFEA53EA1A}.Release|x86.ActiveCfg = Release|Any CPU
		{6B3906BD-291E-4474-A924-32A526FE078D}.Debug_X64|Any CPU.ActiveCfg = Debug|Any CPU
		{6B3906BD-291E-4474-A924-32A526FE078D}.Debug_X64|Any CPU.Build.0 = Debug|Any CPU
		{6B3906BD-291E-4474-A924-32A526FE078D}.Debug_X64|Mixed Platforms.ActiveCfg = Debug|Any CPU
		{6B3906BD-291E-4474-A924-32A526FE078D}.Debug_X64|Mixed Platforms.Build.0 = Debug|Any CPU
		{6B3906BD-291E-4474-A924-32A526FE078D}.Debug_X64|Win32.ActiveCfg = Debug|Any CPU
		{6B3906BD-291E-4474-A924-32A526FE078D}.Debug_X64|x64.ActiveCfg = Debug|Any CPU
		{6B3906BD-291E-4474-A924-32A526FE078D}.Debug_X64|x86.ActiveCfg = Debug|Any CPU
		{6B3906BD-291E-4474-A924-32A526FE078D}.Debug|Any CPU.ActiveCfg = Debug|Any CPU
		{6B3906BD-291E-4474-A924-32A526FE078D}.Debug|Any CPU.Build.0 = Debug|Any CPU
		{6B3906BD-291E-4474-A924-32A526FE078D}.Debug|Mixed Platforms.ActiveCfg = Debug|Any CPU
		{6B3906BD-291E-4474-A924-32A526FE078D}.Debug|Mixed Platforms.Build.0 = Debug|Any CPU
		{6B3906BD-291E-4474-A924-32A526FE078D}.Debug|Win32.ActiveCfg = Debug|Any CPU
		{6B3906BD-291E-4474-A924-32A526FE078D}.Debug|x64.ActiveCfg = Debug|Any CPU
		{6B3906BD-291E-4474-A924-32A526FE078D}.Debug|x86.ActiveCfg = Debug|Any CPU
		{6B3906BD-291E-4474-A924-32A526FE078D}.Release_X64|Any CPU.ActiveCfg = Release|Any CPU
		{6B3906BD-291E-4474-A924-32A526FE078D}.Release_X64|Any CPU.Build.0 = Release|Any CPU
		{6B3906BD-291E-4474-A924-32A526FE078D}.Release_X64|Mixed Platforms.ActiveCfg = Release|Any CPU
		{6B3906BD-291E-4474-A924-32A526FE078D}.Release_X64|Mixed Platforms.Build.0 = Release|Any CPU
		{6B3906BD-291E-4474-A924-32A526FE078D}.Release_X64|Win32.ActiveCfg = Release|Any CPU
		{6B3906BD-291E-4474-A924-32A526FE078D}.Release_X64|x64.ActiveCfg = Release|Any CPU
		{6B3906BD-291E-4474-A924-32A526FE078D}.Release_X64|x86.ActiveCfg = Release|Any CPU
		{6B3906BD-291E-4474-A924-32A526FE078D}.Release|Any CPU.ActiveCfg = Release|Any CPU
		{6B3906BD-291E-4474-A924-32A526FE078D}.Release|Any CPU.Build.0 = Release|Any CPU
		{6B3906BD-291E-4474-A924-32A526FE078D}.Release|Mixed Platforms.ActiveCfg = Release|Any CPU
		{6B3906BD-291E-4474-A924-32A526FE078D}.Release|Mixed Platforms.Build.0 = Release|Any CPU
		{6B3906BD-291E-4474-A924-32A526FE078D}.Release|Win32.ActiveCfg = Release|Any CPU
		{6B3906BD-291E-4474-A924-32A526FE078D}.Release|x64.ActiveCfg = Release|Any CPU
		{6B3906BD-291E-4474-A924-32A526FE078D}.Release|x86.ActiveCfg = Release|Any CPU
		{B2602014-8403-4E36-B043-3FA2E4592C27}.Debug_X64|Any CPU.ActiveCfg = Debug_X64|Any CPU
		{B2602014-8403-4E36-B043-3FA2E4592C27}.Debug_X64|Any CPU.Build.0 = Debug_X64|Any CPU
		{B2602014-8403-4E36-B043-3FA2E4592C27}.Debug_X64|Mixed Platforms.ActiveCfg = Debug_X64|x86
		{B2602014-8403-4E36-B043-3FA2E4592C27}.Debug_X64|Mixed Platforms.Build.0 = Debug_X64|x86
		{B2602014-8403-4E36-B043-3FA2E4592C27}.Debug_X64|Win32.ActiveCfg = Debug_X64|x86
		{B2602014-8403-4E36-B043-3FA2E4592C27}.Debug_X64|x64.ActiveCfg = Debug_X64|x86
		{B2602014-8403-4E36-B043-3FA2E4592C27}.Debug_X64|x86.ActiveCfg = Debug_X64|x86
		{B2602014-8403-4E36-B043-3FA2E4592C27}.Debug_X64|x86.Build.0 = Debug_X64|x86
		{B2602014-8403-4E36-B043-3FA2E4592C27}.Debug|Any CPU.ActiveCfg = Debug|Any CPU
		{B2602014-8403-4E36-B043-3FA2E4592C27}.Debug|Any CPU.Build.0 = Debug|Any CPU
		{B2602014-8403-4E36-B043-3FA2E4592C27}.Debug|Mixed Platforms.ActiveCfg = Debug|x86
		{B2602014-8403-4E36-B043-3FA2E4592C27}.Debug|Mixed Platforms.Build.0 = Debug|x86
		{B2602014-8403-4E36-B043-3FA2E4592C27}.Debug|Win32.ActiveCfg = Debug|x86
		{B2602014-8403-4E36-B043-3FA2E4592C27}.Debug|x64.ActiveCfg = Debug|x86
		{B2602014-8403-4E36-B043-3FA2E4592C27}.Debug|x86.ActiveCfg = Debug|x86
		{B2602014-8403-4E36-B043-3FA2E4592C27}.Debug|x86.Build.0 = Debug|x86
		{B2602014-8403-4E36-B043-3FA2E4592C27}.Release_X64|Any CPU.ActiveCfg = Release_X64|Any CPU
		{B2602014-8403-4E36-B043-3FA2E4592C27}.Release_X64|Any CPU.Build.0 = Release_X64|Any CPU
		{B2602014-8403-4E36-B043-3FA2E4592C27}.Release_X64|Mixed Platforms.ActiveCfg = Release_X64|x86
		{B2602014-8403-4E36-B043-3FA2E4592C27}.Release_X64|Mixed Platforms.Build.0 = Release_X64|x86
		{B2602014-8403-4E36-B043-3FA2E4592C27}.Release_X64|Win32.ActiveCfg = Release_X64|x86
		{B2602014-8403-4E36-B043-3FA2E4592C27}.Release_X64|x64.ActiveCfg = Release_X64|x86
		{B2602014-8403-4E36-B043-3FA2E4592C27}.Release_X64|x86.ActiveCfg = Release_X64|x86
		{B2602014-8403-4E36-B043-3FA2E4592C27}.Release_X64|x86.Build.0 = Release_X64|x86
		{B2602014-8403-4E36-B043-3FA2E4592C27}.Release|Any CPU.ActiveCfg = Release|Any CPU
		{B2602014-8403-4E36-B043-3FA2E4592C27}.Release|Any CPU.Build.0 = Release|Any CPU
		{B2602014-8403-4E36-B043-3FA2E4592C27}.Release|Mixed Platforms.ActiveCfg = Release|x86
		{B2602014-8403-4E36-B043-3FA2E4592C27}.Release|Mixed Platforms.Build.0 = Release|x86
		{B2602014-8403-4E36-B043-3FA2E4592C27}.Release|Win32.ActiveCfg = Release|x86
		{B2602014-8403-4E36-B043-3FA2E4592C27}.Release|x64.ActiveCfg = Release|x86
		{B2602014-8403-4E36-B043-3FA2E4592C27}.Release|x86.ActiveCfg = Release|x86
		{B2602014-8403-4E36-B043-3FA2E4592C27}.Release|x86.Build.0 = Release|x86
	EndGlobalSection
	GlobalSection(SolutionProperties) = preSolution
		HideSolutionNode = FALSE
	EndGlobalSection
	GlobalSection(NestedProjects) = preSolution
		{A0C45DB5-FA97-481E-A1A6-E07A7F226FCF} = {20DDAAF8-ED28-4BD5-97C0-5CFAF59C4874}
		{B257EC94-F0B3-4DD7-BA27-94CEFFAE3F0B} = {20DDAAF8-ED28-4BD5-97C0-5CFAF59C4874}
		{6B3906BD-291E-4474-A924-32A526FE078D} = {20DDAAF8-ED28-4BD5-97C0-5CFAF59C4874}
		{B2602014-8403-4E36-B043-3FA2E4592C27} = {20DDAAF8-ED28-4BD5-97C0-5CFAF59C4874}
		{0AE259C0-D7E3-4DE8-8726-C4A333D97E31} = {5C660C55-8B47-444E-89E8-A620C5587AEA}
		{FF80525C-029F-4EE1-BCF5-3547AFA06F0B} = {3AF057F0-84E3-4981-9EE2-99503A5C2C0B}
		{F2473A63-8F0D-48E1-B11F-AEEF54D1F021} = {3AF057F0-84E3-4981-9EE2-99503A5C2C0B}
		{5915A60C-B679-4E48-86AD-C79D9F8C903F} = {3AF057F0-84E3-4981-9EE2-99503A5C2C0B}
		{ACD7DEDB-AA50-4665-BEA0-729E64DDFA2D} = {3AF057F0-84E3-4981-9EE2-99503A5C2C0B}
		{D0B26CCB-0D5A-44F3-8FEE-0BAEA39226B1} = {3AF057F0-84E3-4981-9EE2-99503A5C2C0B}
		{5D1E0AF1-E69A-48F2-BE2E-DA9BEFA9AE2A} = {3AF057F0-84E3-4981-9EE2-99503A5C2C0B}
		{9C998B54-46BB-4688-B7C2-2DB0D055C250} = {3AF057F0-84E3-4981-9EE2-99503A5C2C0B}
		{4AD4580A-CF1A-47F5-BD89-7B08B2343A08} = {3AF057F0-84E3-4981-9EE2-99503A5C2C0B}
		{2ED2902C-82B4-4433-B057-329547CA0335} = {3AF057F0-84E3-4981-9EE2-99503A5C2C0B}
		{8B0BAABE-3CEB-4CA9-837E-C198B0C0B203} = {3AF057F0-84E3-4981-9EE2-99503A5C2C0B}
		{3596709E-8A87-45AB-BC39-EAAE5DA2A3A7} = {3AF057F0-84E3-4981-9EE2-99503A5C2C0B}
		{B748102F-D07F-4399-9BC9-F6A61B14DC7C} = {3AF057F0-84E3-4981-9EE2-99503A5C2C0B}
		{E1D600DA-4038-4920-B1A5-52623EBD189C} = {3AF057F0-84E3-4981-9EE2-99503A5C2C0B}
		{4E164E38-2E34-46C2-82FE-66FFEA53EA1A} = {3AF057F0-84E3-4981-9EE2-99503A5C2C0B}
		{0021FAA6-B2CC-4377-B18E-3E0390643B74} = {69AAEB71-F28E-4041-B3FE-56F6614ECF3C}
	EndGlobalSection
EndGlobal
