
Microsoft Visual Studio Solution File, Format Version 12.00
# Visual Studio Version 16
VisualStudioVersion = 16.0.29806.167
MinimumVisualStudioVersion = 10.0.40219.1
Project("{2150E333-8FDC-42A3-9474-1A3956D46DE8}") = "2. Bundles", "2. Bundles", "{755EB76D-F5C1-4E53-BC8B-9576D61145BE}"
EndProject
Project("{2150E333-8FDC-42A3-9474-1A3956D46DE8}") = "1. Foundation", "1. Foundation", "{2B98E99F-E87B-453E-A5BC-F0EA381504D9}"
EndProject
Project("{2150E333-8FDC-42A3-9474-1A3956D46DE8}") = "Shell", "Shell", "{85154322-4AD0-4322-8C93-FE5F1F37D5F2}"
EndProject
Project("{2150E333-8FDC-42A3-9474-1A3956D46DE8}") = "Plugin1", "Plugin1", "{3D572A51-232C-4728-9F09-386A0CE14134}"
EndProject
Project("{2150E333-8FDC-42A3-9474-1A3956D46DE8}") = "UAC", "UAC", "{055C249D-3E76-4508-BCED-5DF2A909CCCC}"
EndProject
Project("{FAE04EC0-301F-11D3-BF4B-00C04F79EFBC}") = "Exe", "Exe\src\Exe.csproj", "{55463E02-D065-4EA3-96DD-B5AD825DACC5}"
EndProject
Project("{FAE04EC0-301F-11D3-BF4B-00C04F79EFBC}") = "Products.Infrastructure", "Foundation\Products.Infrastructure\Products.Infrastructure.csproj", "{A4B16E5B-561D-4739-B35B-6E4D21E78A47}"
EndProject
Project("{FAE04EC0-301F-11D3-BF4B-00C04F79EFBC}") = "Products.Domain", "Foundation\Products.Domain\Products.Domain.csproj", "{075AE358-82E8-4CE3-9B4E-1E895A11951D}"
EndProject
Project("{FAE04EC0-301F-11D3-BF4B-00C04F79EFBC}") = "Products.Resource", "Foundation\Products.Resource\Products.Resource.csproj", "{14AB3329-0B97-463F-B803-41FC57FE133D}"
EndProject
Project("{FAE04EC0-301F-11D3-BF4B-00C04F79EFBC}") = "Products.Plugin1", "Plugins\Plugin1\Products.Plugins1\Products.Plugin1.csproj", "{4B6B20E3-C5D0-4568-9722-825F543599B7}"
EndProject
Project("{FAE04EC0-301F-11D3-BF4B-00C04F79EFBC}") = "Products.Presentation", "Foundation\Products.Presentation\Products.Presentation.csproj", "{B2432701-87AC-4B50-A680-F6F514401FBC}"
EndProject
Project("{2150E333-8FDC-42A3-9474-1A3956D46DE8}") = "ExternalInterfaces", "ExternalInterfaces", "{D3232CFF-3F56-449C-AC97-FF98D863320F}"
EndProject
Project("{FAE04EC0-301F-11D3-BF4B-00C04F79EFBC}") = "Products.UAC", "Plugins\UAC\UAC\Products.UAC.csproj", "{C054B2BA-A931-49DD-A80D-F8A98DBA34AF}"
EndProject
Project("{FAE04EC0-301F-11D3-BF4B-00C04F79EFBC}") = "Products.UAC.Bridge", "Plugins\UAC\UAC.Brigde\Products.UAC.Bridge.csproj", "{460CFDBF-7298-4371-8BDD-3EFA75F82989}"
EndProject
Project("{2150E333-8FDC-42A3-9474-1A3956D46DE8}") = "SystemEvents", "SystemEvents", "{5E34B1A0-B772-49C2-B398-F7EF071CEBF7}"
EndProject
Project("{FAE04EC0-301F-11D3-BF4B-00C04F79EFBC}") = "Products.SystemEvents", "Plugins\SystemEvents\SystemEvents\Products.SystemEvents.csproj", "{E9FF2C44-1D65-4616-B77A-E3EFF5EE09A0}"
EndProject
Project("{FAE04EC0-301F-11D3-BF4B-00C04F79EFBC}") = "Products.SystemEvents.Bridge", "Plugins\SystemEvents\SystemEvents.Bridge\Products.SystemEvents.Bridge.csproj", "{336E1EB1-B0B4-4F36-AB49-21A83858BDCB}"
EndProject
Project("{2150E333-8FDC-42A3-9474-1A3956D46DE8}") = "HistoricalQuery", "HistoricalQuery", "{466875F5-FB85-467D-956C-D560FEBA5148}"
EndProject
Project("{FAE04EC0-301F-11D3-BF4B-00C04F79EFBC}") = "Products.Infrastructure.UnitTest", "Foundation\Products.Infrastructure.UnitTest\Products.Infrastructure.UnitTest.csproj", "{230A1D5E-1BA3-4EDF-8D91-51879220AC0D}"
EndProject
Project("{FAE04EC0-301F-11D3-BF4B-00C04F79EFBC}") = "Products.Domain.UnitTest", "Foundation\Products.Domain.UnitTest\Products.Domain.UnitTest.csproj", "{CCF8C23A-D3C1-4C5D-AFAA-DF756E3B3375}"
EndProject
Project("{2150E333-8FDC-42A3-9474-1A3956D46DE8}") = "Persistence", "Persistence", "{2CCFFC2C-3C7B-42F0-8E0A-E85C01B7B068}"
EndProject
Project("{FAE04EC0-301F-11D3-BF4B-00C04F79EFBC}") = "Products.Shell", "Plugins\Shell\Products.Shell.csproj", "{157BF0B7-3B96-416A-814C-677775FA5AE4}"
EndProject
Project("{FAE04EC0-301F-11D3-BF4B-00C04F79EFBC}") = "Products.Persistence", "Plugins\Persistence\Products.Persistence\Products.Persistence.csproj", "{03EE9AE4-D4BE-456D-B263-688BB3D17349}"
EndProject
Project("{2150E333-8FDC-42A3-9474-1A3956D46DE8}") = "LogReport", "LogReport", "{F9615E1B-28FC-4446-8F4F-3F31939BFBCA}"
EndProject
Project("{FAE04EC0-301F-11D3-BF4B-00C04F79EFBC}") = "Products.LogReport", "Plugins\LogReport\Products.LogReport\Products.LogReport.csproj", "{BEA9EAF3-7749-4A51-85FA-A07735C17394}"
EndProject
Project("{FAE04EC0-301F-11D3-BF4B-00C04F79EFBC}") = "Products.Persistence.UnitTest", "Plugins\Persistence\Products.Persistence.UnitTest\Products.Persistence.UnitTest.csproj", "{8D0613C9-F150-434B-9F22-9D5F20CC90B3}"
EndProject
Global
	GlobalSection(SolutionConfigurationPlatforms) = preSolution
		Debug|Any CPU = Debug|Any CPU
		Release|Any CPU = Release|Any CPU
	EndGlobalSection
	GlobalSection(ProjectConfigurationPlatforms) = postSolution
		{55463E02-D065-4EA3-96DD-B5AD825DACC5}.Debug|Any CPU.ActiveCfg = Debug|Any CPU
		{55463E02-D065-4EA3-96DD-B5AD825DACC5}.Debug|Any CPU.Build.0 = Debug|Any CPU
		{55463E02-D065-4EA3-96DD-B5AD825DACC5}.Release|Any CPU.ActiveCfg = Release|Any CPU
		{55463E02-D065-4EA3-96DD-B5AD825DACC5}.Release|Any CPU.Build.0 = Release|Any CPU
		{A4B16E5B-561D-4739-B35B-6E4D21E78A47}.Debug|Any CPU.ActiveCfg = Debug|Any CPU
		{A4B16E5B-561D-4739-B35B-6E4D21E78A47}.Debug|Any CPU.Build.0 = Debug|Any CPU
		{A4B16E5B-561D-4739-B35B-6E4D21E78A47}.Release|Any CPU.ActiveCfg = Release|Any CPU
		{A4B16E5B-561D-4739-B35B-6E4D21E78A47}.Release|Any CPU.Build.0 = Release|Any CPU
		{075AE358-82E8-4CE3-9B4E-1E895A11951D}.Debug|Any CPU.ActiveCfg = Debug|Any CPU
		{075AE358-82E8-4CE3-9B4E-1E895A11951D}.Debug|Any CPU.Build.0 = Debug|Any CPU
		{075AE358-82E8-4CE3-9B4E-1E895A11951D}.Release|Any CPU.ActiveCfg = Release|Any CPU
		{075AE358-82E8-4CE3-9B4E-1E895A11951D}.Release|Any CPU.Build.0 = Release|Any CPU
		{14AB3329-0B97-463F-B803-41FC57FE133D}.Debug|Any CPU.ActiveCfg = Debug|Any CPU
		{14AB3329-0B97-463F-B803-41FC57FE133D}.Debug|Any CPU.Build.0 = Debug|Any CPU
		{14AB3329-0B97-463F-B803-41FC57FE133D}.Release|Any CPU.ActiveCfg = Release|Any CPU
		{14AB3329-0B97-463F-B803-41FC57FE133D}.Release|Any CPU.Build.0 = Release|Any CPU
		{4B6B20E3-C5D0-4568-9722-825F543599B7}.Debug|Any CPU.ActiveCfg = Debug|Any CPU
		{4B6B20E3-C5D0-4568-9722-825F543599B7}.Debug|Any CPU.Build.0 = Debug|Any CPU
		{4B6B20E3-C5D0-4568-9722-825F543599B7}.Release|Any CPU.ActiveCfg = Release|Any CPU
		{4B6B20E3-C5D0-4568-9722-825F543599B7}.Release|Any CPU.Build.0 = Release|Any CPU
		{B2432701-87AC-4B50-A680-F6F514401FBC}.Debug|Any CPU.ActiveCfg = Debug|Any CPU
		{B2432701-87AC-4B50-A680-F6F514401FBC}.Debug|Any CPU.Build.0 = Debug|Any CPU
		{B2432701-87AC-4B50-A680-F6F514401FBC}.Release|Any CPU.ActiveCfg = Release|Any CPU
		{B2432701-87AC-4B50-A680-F6F514401FBC}.Release|Any CPU.Build.0 = Release|Any CPU
		{C054B2BA-A931-49DD-A80D-F8A98DBA34AF}.Debug|Any CPU.ActiveCfg = Debug|Any CPU
		{C054B2BA-A931-49DD-A80D-F8A98DBA34AF}.Debug|Any CPU.Build.0 = Debug|Any CPU
		{C054B2BA-A931-49DD-A80D-F8A98DBA34AF}.Release|Any CPU.ActiveCfg = Release|Any CPU
		{C054B2BA-A931-49DD-A80D-F8A98DBA34AF}.Release|Any CPU.Build.0 = Release|Any CPU
		{460CFDBF-7298-4371-8BDD-3EFA75F82989}.Debug|Any CPU.ActiveCfg = Debug|Any CPU
		{460CFDBF-7298-4371-8BDD-3EFA75F82989}.Debug|Any CPU.Build.0 = Debug|Any CPU
		{460CFDBF-7298-4371-8BDD-3EFA75F82989}.Release|Any CPU.ActiveCfg = Release|Any CPU
		{460CFDBF-7298-4371-8BDD-3EFA75F82989}.Release|Any CPU.Build.0 = Release|Any CPU
		{E9FF2C44-1D65-4616-B77A-E3EFF5EE09A0}.Debug|Any CPU.ActiveCfg = Debug|Any CPU
		{E9FF2C44-1D65-4616-B77A-E3EFF5EE09A0}.Debug|Any CPU.Build.0 = Debug|Any CPU
		{E9FF2C44-1D65-4616-B77A-E3EFF5EE09A0}.Release|Any CPU.ActiveCfg = Release|Any CPU
		{E9FF2C44-1D65-4616-B77A-E3EFF5EE09A0}.Release|Any CPU.Build.0 = Release|Any CPU
		{336E1EB1-B0B4-4F36-AB49-21A83858BDCB}.Debug|Any CPU.ActiveCfg = Debug|Any CPU
		{336E1EB1-B0B4-4F36-AB49-21A83858BDCB}.Debug|Any CPU.Build.0 = Debug|Any CPU
		{336E1EB1-B0B4-4F36-AB49-21A83858BDCB}.Release|Any CPU.ActiveCfg = Release|Any CPU
		{336E1EB1-B0B4-4F36-AB49-21A83858BDCB}.Release|Any CPU.Build.0 = Release|Any CPU
		{230A1D5E-1BA3-4EDF-8D91-51879220AC0D}.Debug|Any CPU.ActiveCfg = Debug|Any CPU
		{230A1D5E-1BA3-4EDF-8D91-51879220AC0D}.Debug|Any CPU.Build.0 = Debug|Any CPU
		{230A1D5E-1BA3-4EDF-8D91-51879220AC0D}.Release|Any CPU.ActiveCfg = Release|Any CPU
		{230A1D5E-1BA3-4EDF-8D91-51879220AC0D}.Release|Any CPU.Build.0 = Release|Any CPU
		{CCF8C23A-D3C1-4C5D-AFAA-DF756E3B3375}.Debug|Any CPU.ActiveCfg = Debug|Any CPU
		{CCF8C23A-D3C1-4C5D-AFAA-DF756E3B3375}.Debug|Any CPU.Build.0 = Debug|Any CPU
		{CCF8C23A-D3C1-4C5D-AFAA-DF756E3B3375}.Release|Any CPU.ActiveCfg = Release|Any CPU
		{CCF8C23A-D3C1-4C5D-AFAA-DF756E3B3375}.Release|Any CPU.Build.0 = Release|Any CPU
		{157BF0B7-3B96-416A-814C-677775FA5AE4}.Debug|Any CPU.ActiveCfg = Debug|Any CPU
		{157BF0B7-3B96-416A-814C-677775FA5AE4}.Debug|Any CPU.Build.0 = Debug|Any CPU
		{157BF0B7-3B96-416A-814C-677775FA5AE4}.Release|Any CPU.ActiveCfg = Release|Any CPU
		{157BF0B7-3B96-416A-814C-677775FA5AE4}.Release|Any CPU.Build.0 = Release|Any CPU
		{03EE9AE4-D4BE-456D-B263-688BB3D17349}.Debug|Any CPU.ActiveCfg = Debug|Any CPU
		{03EE9AE4-D4BE-456D-B263-688BB3D17349}.Debug|Any CPU.Build.0 = Debug|Any CPU
		{03EE9AE4-D4BE-456D-B263-688BB3D17349}.Release|Any CPU.ActiveCfg = Release|Any CPU
		{03EE9AE4-D4BE-456D-B263-688BB3D17349}.Release|Any CPU.Build.0 = Release|Any CPU
		{BEA9EAF3-7749-4A51-85FA-A07735C17394}.Debug|Any CPU.ActiveCfg = Debug|Any CPU
		{BEA9EAF3-7749-4A51-85FA-A07735C17394}.Debug|Any CPU.Build.0 = Debug|Any CPU
		{BEA9EAF3-7749-4A51-85FA-A07735C17394}.Release|Any CPU.ActiveCfg = Release|Any CPU
		{BEA9EAF3-7749-4A51-85FA-A07735C17394}.Release|Any CPU.Build.0 = Release|Any CPU
		{8D0613C9-F150-434B-9F22-9D5F20CC90B3}.Debug|Any CPU.ActiveCfg = Debug|Any CPU
		{8D0613C9-F150-434B-9F22-9D5F20CC90B3}.Debug|Any CPU.Build.0 = Debug|Any CPU
		{8D0613C9-F150-434B-9F22-9D5F20CC90B3}.Release|Any CPU.ActiveCfg = Release|Any CPU
		{8D0613C9-F150-434B-9F22-9D5F20CC90B3}.Release|Any CPU.Build.0 = Release|Any CPU
	EndGlobalSection
	GlobalSection(SolutionProperties) = preSolution
		HideSolutionNode = FALSE
	EndGlobalSection
	GlobalSection(NestedProjects) = preSolution
		{85154322-4AD0-4322-8C93-FE5F1F37D5F2} = {755EB76D-F5C1-4E53-BC8B-9576D61145BE}
		{3D572A51-232C-4728-9F09-386A0CE14134} = {755EB76D-F5C1-4E53-BC8B-9576D61145BE}
		{055C249D-3E76-4508-BCED-5DF2A909CCCC} = {755EB76D-F5C1-4E53-BC8B-9576D61145BE}
		{A4B16E5B-561D-4739-B35B-6E4D21E78A47} = {2B98E99F-E87B-453E-A5BC-F0EA381504D9}
		{075AE358-82E8-4CE3-9B4E-1E895A11951D} = {2B98E99F-E87B-453E-A5BC-F0EA381504D9}
		{14AB3329-0B97-463F-B803-41FC57FE133D} = {2B98E99F-E87B-453E-A5BC-F0EA381504D9}
		{4B6B20E3-C5D0-4568-9722-825F543599B7} = {3D572A51-232C-4728-9F09-386A0CE14134}
		{B2432701-87AC-4B50-A680-F6F514401FBC} = {2B98E99F-E87B-453E-A5BC-F0EA381504D9}
		{D3232CFF-3F56-449C-AC97-FF98D863320F} = {755EB76D-F5C1-4E53-BC8B-9576D61145BE}
		{C054B2BA-A931-49DD-A80D-F8A98DBA34AF} = {055C249D-3E76-4508-BCED-5DF2A909CCCC}
		{460CFDBF-7298-4371-8BDD-3EFA75F82989} = {055C249D-3E76-4508-BCED-5DF2A909CCCC}
		{5E34B1A0-B772-49C2-B398-F7EF071CEBF7} = {755EB76D-F5C1-4E53-BC8B-9576D61145BE}
		{E9FF2C44-1D65-4616-B77A-E3EFF5EE09A0} = {5E34B1A0-B772-49C2-B398-F7EF071CEBF7}
		{336E1EB1-B0B4-4F36-AB49-21A83858BDCB} = {5E34B1A0-B772-49C2-B398-F7EF071CEBF7}
		{466875F5-FB85-467D-956C-D560FEBA5148} = {755EB76D-F5C1-4E53-BC8B-9576D61145BE}
		{230A1D5E-1BA3-4EDF-8D91-51879220AC0D} = {2B98E99F-E87B-453E-A5BC-F0EA381504D9}
		{CCF8C23A-D3C1-4C5D-AFAA-DF756E3B3375} = {2B98E99F-E87B-453E-A5BC-F0EA381504D9}
		{2CCFFC2C-3C7B-42F0-8E0A-E85C01B7B068} = {755EB76D-F5C1-4E53-BC8B-9576D61145BE}
		{157BF0B7-3B96-416A-814C-677775FA5AE4} = {85154322-4AD0-4322-8C93-FE5F1F37D5F2}
		{03EE9AE4-D4BE-456D-B263-688BB3D17349} = {2CCFFC2C-3C7B-42F0-8E0A-E85C01B7B068}
		{F9615E1B-28FC-4446-8F4F-3F31939BFBCA} = {755EB76D-F5C1-4E53-BC8B-9576D61145BE}
		{BEA9EAF3-7749-4A51-85FA-A07735C17394} = {F9615E1B-28FC-4446-8F4F-3F31939BFBCA}
		{8D0613C9-F150-434B-9F22-9D5F20CC90B3} = {2CCFFC2C-3C7B-42F0-8E0A-E85C01B7B068}
	EndGlobalSection
	GlobalSection(ExtensibilityGlobals) = postSolution
		SolutionGuid = {68D2CABD-C730-45EF-B1B9-5ED215FBBEF9}
	EndGlobalSection
EndGlobal
