
Microsoft Visual Studio Solution File, Format Version 12.00
# Visual Studio 2013
VisualStudioVersion = 12.0.40629.0
MinimumVisualStudioVersion = 10.0.40219.1
Project("{2150E333-8FDC-42A3-9474-1A3956D46DE8}") = "3. Plugins", "3. Plugins", "{755EB76D-F5C1-4E53-BC8B-9576D61145BE}"
EndProject
Project("{2150E333-8FDC-42A3-9474-1A3956D46DE8}") = "1. Foundation", "1. Foundation", "{2B98E99F-E87B-453E-A5BC-F0EA381504D9}"
EndProject
Project("{2150E333-8FDC-42A3-9474-1A3956D46DE8}") = "2. FrameworkExtensions", "2. FrameworkExtensions", "{85154322-4AD0-4322-8C93-FE5F1F37D5F2}"
EndProject
Project("{2150E333-8FDC-42A3-9474-1A3956D46DE8}") = "Plugin1", "Plugin1", "{3D572A51-232C-4728-9F09-386A0CE14134}"
EndProject
Project("{2150E333-8FDC-42A3-9474-1A3956D46DE8}") = "Plugin2", "Plugin2", "{055C249D-3E76-4508-BCED-5DF2A909CCCC}"
EndProject
Project("{FAE04EC0-301F-11D3-BF4B-00C04F79EFBC}") = "ProductName", "Exe\src\ProductName.csproj", "{55463E02-D065-4EA3-96DD-B5AD825DACC5}"
EndProject
Project("{FAE04EC0-301F-11D3-BF4B-00C04F79EFBC}") = "Products.Infrastructure", "Foundation\Products.Infrastructure\Products.Infrastructure.csproj", "{A4B16E5B-561D-4739-B35B-6E4D21E78A47}"
EndProject
Project("{FAE04EC0-301F-11D3-BF4B-00C04F79EFBC}") = "Products.Domain", "Foundation\Products.Domain\Products.Domain.csproj", "{075AE358-82E8-4CE3-9B4E-1E895A11951D}"
EndProject
Project("{FAE04EC0-301F-11D3-BF4B-00C04F79EFBC}") = "Products.Resource", "Foundation\Products.Resource\Products.Resource.csproj", "{14AB3329-0B97-463F-B803-41FC57FE133D}"
EndProject
Project("{FAE04EC0-301F-11D3-BF4B-00C04F79EFBC}") = "Products.Plugin1", "Plugins\Plugin1\Products.Plugins1\Products.Plugin1.csproj", "{4B6B20E3-C5D0-4568-9722-825F543599B7}"
EndProject
Project("{FAE04EC0-301F-11D3-BF4B-00C04F79EFBC}") = "Products.Plugin1.Brigde", "Plugins\Plugin1\Products.Plugin1.Brigde\Products.Plugin1.Brigde.csproj", "{2ACD1552-840F-46A5-A3DF-638130E23900}"
EndProject
Project("{FAE04EC0-301F-11D3-BF4B-00C04F79EFBC}") = "Products.Plugin2.Brigde", "Plugins\Plugin2\Products.Plugin2.Brigde\Products.Plugin2.Brigde.csproj", "{460CFDBF-7298-4371-8BDD-3EFA75F82989}"
EndProject
Project("{FAE04EC0-301F-11D3-BF4B-00C04F79EFBC}") = "Products.Plugin2", "Plugins\Plugin2\Products.Plugin2\Products.Plugin2.csproj", "{C054B2BA-A931-49DD-A80D-F8A98DBA34AF}"
EndProject
Project("{FAE04EC0-301F-11D3-BF4B-00C04F79EFBC}") = "Products.Shell", "FrameworkExtensions\Products.Shell\Products.Shell.csproj", "{157BF0B7-3B96-416A-814C-677775FA5AE4}"
EndProject
Project("{FAE04EC0-301F-11D3-BF4B-00C04F79EFBC}") = "Products.Presentation", "Foundation\Products.Presentation\Products.Presentation.csproj", "{B2432701-87AC-4B50-A680-F6F514401FBC}"
EndProject
Project("{2150E333-8FDC-42A3-9474-1A3956D46DE8}") = "ExternalInterfaces", "ExternalInterfaces", "{D3232CFF-3F56-449C-AC97-FF98D863320F}"
EndProject
Global
	GlobalSection(SolutionConfigurationPlatforms) = preSolution
		Debug|Any CPU = Debug|Any CPU
		Release|Any CPU = Release|Any CPU
	EndGlobalSection
	GlobalSection(ProjectConfigurationPlatforms) = postSolution
		{55463E02-D065-4EA3-96DD-B5AD825DACC5}.Debug|Any CPU.ActiveCfg = Debug|Any CPU
		{55463E02-D065-4EA3-96DD-B5AD825DACC5}.Debug|Any CPU.Build.0 = Debug|Any CPU
		{55463E02-D065-4EA3-96DD-B5AD825DACC5}.Release|Any CPU.ActiveCfg = Release|Any CPU
		{55463E02-D065-4EA3-96DD-B5AD825DACC5}.Release|Any CPU.Build.0 = Release|Any CPU
		{A4B16E5B-561D-4739-B35B-6E4D21E78A47}.Debug|Any CPU.ActiveCfg = Debug|Any CPU
		{A4B16E5B-561D-4739-B35B-6E4D21E78A47}.Debug|Any CPU.Build.0 = Debug|Any CPU
		{A4B16E5B-561D-4739-B35B-6E4D21E78A47}.Release|Any CPU.ActiveCfg = Release|Any CPU
		{A4B16E5B-561D-4739-B35B-6E4D21E78A47}.Release|Any CPU.Build.0 = Release|Any CPU
		{075AE358-82E8-4CE3-9B4E-1E895A11951D}.Debug|Any CPU.ActiveCfg = Debug|Any CPU
		{075AE358-82E8-4CE3-9B4E-1E895A11951D}.Debug|Any CPU.Build.0 = Debug|Any CPU
		{075AE358-82E8-4CE3-9B4E-1E895A11951D}.Release|Any CPU.ActiveCfg = Release|Any CPU
		{075AE358-82E8-4CE3-9B4E-1E895A11951D}.Release|Any CPU.Build.0 = Release|Any CPU
		{14AB3329-0B97-463F-B803-41FC57FE133D}.Debug|Any CPU.ActiveCfg = Debug|Any CPU
		{14AB3329-0B97-463F-B803-41FC57FE133D}.Debug|Any CPU.Build.0 = Debug|Any CPU
		{14AB3329-0B97-463F-B803-41FC57FE133D}.Release|Any CPU.ActiveCfg = Release|Any CPU
		{14AB3329-0B97-463F-B803-41FC57FE133D}.Release|Any CPU.Build.0 = Release|Any CPU
		{4B6B20E3-C5D0-4568-9722-825F543599B7}.Debug|Any CPU.ActiveCfg = Debug|Any CPU
		{4B6B20E3-C5D0-4568-9722-825F543599B7}.Debug|Any CPU.Build.0 = Debug|Any CPU
		{4B6B20E3-C5D0-4568-9722-825F543599B7}.Release|Any CPU.ActiveCfg = Release|Any CPU
		{4B6B20E3-C5D0-4568-9722-825F543599B7}.Release|Any CPU.Build.0 = Release|Any CPU
		{2ACD1552-840F-46A5-A3DF-638130E23900}.Debug|Any CPU.ActiveCfg = Debug|Any CPU
		{2ACD1552-840F-46A5-A3DF-638130E23900}.Debug|Any CPU.Build.0 = Debug|Any CPU
		{2ACD1552-840F-46A5-A3DF-638130E23900}.Release|Any CPU.ActiveCfg = Release|Any CPU
		{2ACD1552-840F-46A5-A3DF-638130E23900}.Release|Any CPU.Build.0 = Release|Any CPU
		{460CFDBF-7298-4371-8BDD-3EFA75F82989}.Debug|Any CPU.ActiveCfg = Debug|Any CPU
		{460CFDBF-7298-4371-8BDD-3EFA75F82989}.Debug|Any CPU.Build.0 = Debug|Any CPU
		{460CFDBF-7298-4371-8BDD-3EFA75F82989}.Release|Any CPU.ActiveCfg = Release|Any CPU
		{460CFDBF-7298-4371-8BDD-3EFA75F82989}.Release|Any CPU.Build.0 = Release|Any CPU
		{C054B2BA-A931-49DD-A80D-F8A98DBA34AF}.Debug|Any CPU.ActiveCfg = Debug|Any CPU
		{C054B2BA-A931-49DD-A80D-F8A98DBA34AF}.Debug|Any CPU.Build.0 = Debug|Any CPU
		{C054B2BA-A931-49DD-A80D-F8A98DBA34AF}.Release|Any CPU.ActiveCfg = Release|Any CPU
		{C054B2BA-A931-49DD-A80D-F8A98DBA34AF}.Release|Any CPU.Build.0 = Release|Any CPU
		{157BF0B7-3B96-416A-814C-677775FA5AE4}.Debug|Any CPU.ActiveCfg = Debug|Any CPU
		{157BF0B7-3B96-416A-814C-677775FA5AE4}.Debug|Any CPU.Build.0 = Debug|Any CPU
		{157BF0B7-3B96-416A-814C-677775FA5AE4}.Release|Any CPU.ActiveCfg = Release|Any CPU
		{157BF0B7-3B96-416A-814C-677775FA5AE4}.Release|Any CPU.Build.0 = Release|Any CPU
		{B2432701-87AC-4B50-A680-F6F514401FBC}.Debug|Any CPU.ActiveCfg = Debug|Any CPU
		{B2432701-87AC-4B50-A680-F6F514401FBC}.Debug|Any CPU.Build.0 = Debug|Any CPU
		{B2432701-87AC-4B50-A680-F6F514401FBC}.Release|Any CPU.ActiveCfg = Release|Any CPU
		{B2432701-87AC-4B50-A680-F6F514401FBC}.Release|Any CPU.Build.0 = Release|Any CPU
	EndGlobalSection
	GlobalSection(SolutionProperties) = preSolution
		HideSolutionNode = FALSE
	EndGlobalSection
	GlobalSection(NestedProjects) = preSolution
		{3D572A51-232C-4728-9F09-386A0CE14134} = {755EB76D-F5C1-4E53-BC8B-9576D61145BE}
		{055C249D-3E76-4508-BCED-5DF2A909CCCC} = {755EB76D-F5C1-4E53-BC8B-9576D61145BE}
		{A4B16E5B-561D-4739-B35B-6E4D21E78A47} = {2B98E99F-E87B-453E-A5BC-F0EA381504D9}
		{075AE358-82E8-4CE3-9B4E-1E895A11951D} = {2B98E99F-E87B-453E-A5BC-F0EA381504D9}
		{14AB3329-0B97-463F-B803-41FC57FE133D} = {2B98E99F-E87B-453E-A5BC-F0EA381504D9}
		{4B6B20E3-C5D0-4568-9722-825F543599B7} = {3D572A51-232C-4728-9F09-386A0CE14134}
		{2ACD1552-840F-46A5-A3DF-638130E23900} = {3D572A51-232C-4728-9F09-386A0CE14134}
		{460CFDBF-7298-4371-8BDD-3EFA75F82989} = {055C249D-3E76-4508-BCED-5DF2A909CCCC}
		{C054B2BA-A931-49DD-A80D-F8A98DBA34AF} = {055C249D-3E76-4508-BCED-5DF2A909CCCC}
		{157BF0B7-3B96-416A-814C-677775FA5AE4} = {85154322-4AD0-4322-8C93-FE5F1F37D5F2}
		{B2432701-87AC-4B50-A680-F6F514401FBC} = {2B98E99F-E87B-453E-A5BC-F0EA381504D9}
		{D3232CFF-3F56-449C-AC97-FF98D863320F} = {755EB76D-F5C1-4E53-BC8B-9576D61145BE}
	EndGlobalSection
EndGlobal
